// !$*UTF8*$!
{
	archiveVersion = 1;
	classes = {
	};
	objectVersion = 46;
	objects = {

/* Begin PBXBuildFile section */
		022786541E28DE1600237CA7 /* AnalyticConstants.swift in Sources */ = {isa = PBXBuildFile; fileRef = 022786531E28DE1600237CA7 /* AnalyticConstants.swift */; };
		8F253A871DE4752E0003A89F /* UrlSizedComposserWrapper.swift in Sources */ = {isa = PBXBuildFile; fileRef = 8F253A861DE4752E0003A89F /* UrlSizedComposserWrapper.swift */; };
		8FD1D7741DD1FC6900D5E0E2 /* ActionYoutube.swift in Sources */ = {isa = PBXBuildFile; fileRef = 8FD1D7731DD1FC6900D5E0E2 /* ActionYoutube.swift */; };
		8FD1D7781DD223EA00D5E0E2 /* YoutubeWebVC.swift in Sources */ = {isa = PBXBuildFile; fileRef = 8FD1D7771DD223EA00D5E0E2 /* YoutubeWebVC.swift */; };
		8FD1D77A1DD2284D00D5E0E2 /* YoutubeWebPresenter.swift in Sources */ = {isa = PBXBuildFile; fileRef = 8FD1D7791DD2284D00D5E0E2 /* YoutubeWebPresenter.swift */; };
		8FD1D77C1DD22CE700D5E0E2 /* YoutubeWebInteractor.swift in Sources */ = {isa = PBXBuildFile; fileRef = 8FD1D77B1DD22CE700D5E0E2 /* YoutubeWebInteractor.swift */; };
		A5028CAC1DE34F6000B382E0 /* YoutubeVC.xib in Resources */ = {isa = PBXBuildFile; fileRef = A5028CAB1DE34F6000B382E0 /* YoutubeVC.xib */; };
		A54EACE31DBF5A39003FAE4B /* ImageConstants.swift in Sources */ = {isa = PBXBuildFile; fileRef = A54EACE21DBF5A39003FAE4B /* ImageConstants.swift */; };
		A556CB2B1DD0F00A002548AA /* PreviewImageTextView.xib in Resources */ = {isa = PBXBuildFile; fileRef = A556CB2A1DD0F00A002548AA /* PreviewImageTextView.xib */; };
		A556CB2D1DD0F01C002548AA /* PreviewImageTextView.swift in Sources */ = {isa = PBXBuildFile; fileRef = A556CB2C1DD0F01C002548AA /* PreviewImageTextView.swift */; };
		A569E1FA1DDF13D70042316C /* YouTubeiOSPlayerHelper.framework in Frameworks */ = {isa = PBXBuildFile; fileRef = A569E1F91DDF13D70042316C /* YouTubeiOSPlayerHelper.framework */; };
		A569E1FB1DDF15C20042316C /* YouTubeiOSPlayerHelper.framework in Embed Frameworks */ = {isa = PBXBuildFile; fileRef = A569E1F91DDF13D70042316C /* YouTubeiOSPlayerHelper.framework */; settings = {ATTRIBUTES = (CodeSignOnCopy, RemoveHeadersOnCopy, ); }; };
		A569E1FC1DDF15E20042316C /* YouTubeiOSPlayerHelper.framework in Frameworks */ = {isa = PBXBuildFile; fileRef = A569E1F91DDF13D70042316C /* YouTubeiOSPlayerHelper.framework */; };
		A569E1FE1DDF26A60042316C /* YoutubeVC.swift in Sources */ = {isa = PBXBuildFile; fileRef = A569E1FD1DDF26A60042316C /* YoutubeVC.swift */; };
		A56BD8801E01A13A00C63FA2 /* ShareInfo.swift in Sources */ = {isa = PBXBuildFile; fileRef = A56BD87F1E01A13A00C63FA2 /* ShareInfo.swift */; };
		A583DB661DD5C7E400A22445 /* Preview.swift in Sources */ = {isa = PBXBuildFile; fileRef = A583DB651DD5C7E400A22445 /* Preview.swift */; };
		A583DB681DD5C80000A22445 /* PreviewImageText.swift in Sources */ = {isa = PBXBuildFile; fileRef = A583DB671DD5C80000A22445 /* PreviewImageText.swift */; };
		A5AB22BC1DC33E5D00D1785B /* gotham-book.ttf in Resources */ = {isa = PBXBuildFile; fileRef = A5AB22B81DC33E5D00D1785B /* gotham-book.ttf */; };
		A5AB22BD1DC33E5D00D1785B /* gotham-light.ttf in Resources */ = {isa = PBXBuildFile; fileRef = A5AB22B91DC33E5D00D1785B /* gotham-light.ttf */; };
		A5AB22BE1DC33E5D00D1785B /* gotham-medium.ttf in Resources */ = {isa = PBXBuildFile; fileRef = A5AB22BA1DC33E5D00D1785B /* gotham-medium.ttf */; };
		A5AB22BF1DC33E5D00D1785B /* gotham-ultra.ttf in Resources */ = {isa = PBXBuildFile; fileRef = A5AB22BB1DC33E5D00D1785B /* gotham-ultra.ttf */; };
		A5AC5DEC1DC361C60041DA2D /* Font+Load.swift in Sources */ = {isa = PBXBuildFile; fileRef = A5AC5DEB1DC361C60041DA2D /* Font+Load.swift */; };
		A5B519291DC0911000678A16 /* UIViewController+Extension.swift in Sources */ = {isa = PBXBuildFile; fileRef = A5B519281DC0911000678A16 /* UIViewController+Extension.swift */; };
		A5B5192C1DC0A73D00678A16 /* OrchextraViewController.swift in Sources */ = {isa = PBXBuildFile; fileRef = A5B5192B1DC0A73D00678A16 /* OrchextraViewController.swift */; };
		A5E1FFC11DAB9DBB0084E251 /* ContentList.swift in Sources */ = {isa = PBXBuildFile; fileRef = A5E1FFC01DAB9DBB0084E251 /* ContentList.swift */; };
		A5EE88A11DDB0DCA000AAEE1 /* SearchVC.swift in Sources */ = {isa = PBXBuildFile; fileRef = A5EE88A01DDB0DCA000AAEE1 /* SearchVC.swift */; };
		A9086BBD1E01533600D09728 /* PreviewInteractionController.swift in Sources */ = {isa = PBXBuildFile; fileRef = A9086BB41E01533600D09728 /* PreviewInteractionController.swift */; };
		A9086BBE1E01533600D09728 /* Swipe.swift in Sources */ = {isa = PBXBuildFile; fileRef = A9086BB51E01533600D09728 /* Swipe.swift */; };
		A9086BBF1E01533600D09728 /* Tap.swift in Sources */ = {isa = PBXBuildFile; fileRef = A9086BB61E01533600D09728 /* Tap.swift */; };
		A9086BC01E01533600D09728 /* ImageTransition.swift in Sources */ = {isa = PBXBuildFile; fileRef = A9086BB91E01533600D09728 /* ImageTransition.swift */; };
		A9086BC11E01533600D09728 /* ImageTransitionNavigationController.swift in Sources */ = {isa = PBXBuildFile; fileRef = A9086BBA1E01533600D09728 /* ImageTransitionNavigationController.swift */; };
		A9086BC21E01533600D09728 /* ModalImageTransitionViewController.swift in Sources */ = {isa = PBXBuildFile; fileRef = A9086BBB1E01533600D09728 /* ModalImageTransitionViewController.swift */; };
		A9086BC31E01533600D09728 /* TransitionAnimator.swift in Sources */ = {isa = PBXBuildFile; fileRef = A9086BBC1E01533600D09728 /* TransitionAnimator.swift */; };
		A912943B1DCB4ECC00B6D55B /* ActionVuforia.swift in Sources */ = {isa = PBXBuildFile; fileRef = A912943A1DCB4ECC00B6D55B /* ActionVuforia.swift */; };
		A912943D1DCB5A1E00B6D55B /* VuforiaOrchextra.framework in Frameworks */ = {isa = PBXBuildFile; fileRef = A912943C1DCB5A1E00B6D55B /* VuforiaOrchextra.framework */; };
		A912943F1DCB5A5000B6D55B /* SystemConfiguration.framework in Frameworks */ = {isa = PBXBuildFile; fileRef = A912943E1DCB5A5000B6D55B /* SystemConfiguration.framework */; };
		A91294411DCB5A5900B6D55B /* CoreMotion.framework in Frameworks */ = {isa = PBXBuildFile; fileRef = A91294401DCB5A5900B6D55B /* CoreMotion.framework */; };
		A91294431DCB5A6200B6D55B /* CoreMedia.framework in Frameworks */ = {isa = PBXBuildFile; fileRef = A91294421DCB5A6200B6D55B /* CoreMedia.framework */; };
		A912944B1DCB5E5400B6D55B /* OCM-Bridging-Header.h in Headers */ = {isa = PBXBuildFile; fileRef = A912944A1DCB5E5400B6D55B /* OCM-Bridging-Header.h */; };
		A91C8D231DD9B2910086937A /* ElementHeader.swift in Sources */ = {isa = PBXBuildFile; fileRef = A91C8D221DD9B2910086937A /* ElementHeader.swift */; };
		A920DC3E1DBFAE8100AEF6F5 /* MainContent.storyboard in Resources */ = {isa = PBXBuildFile; fileRef = A920DC3B1DBFAE8100AEF6F5 /* MainContent.storyboard */; };
		A920DC3F1DBFAE8100AEF6F5 /* MainContentViewController.swift in Sources */ = {isa = PBXBuildFile; fileRef = A920DC3C1DBFAE8100AEF6F5 /* MainContentViewController.swift */; };
		A920DC401DBFAE8100AEF6F5 /* MainPresenter.swift in Sources */ = {isa = PBXBuildFile; fileRef = A920DC3D1DBFAE8100AEF6F5 /* MainPresenter.swift */; };
		A920DC461DBFAE8A00AEF6F5 /* PreviewPresenter.swift in Sources */ = {isa = PBXBuildFile; fileRef = A920DC431DBFAE8A00AEF6F5 /* PreviewPresenter.swift */; };
		A920DC471DBFAE8A00AEF6F5 /* PreviewViewController.swift in Sources */ = {isa = PBXBuildFile; fileRef = A920DC441DBFAE8A00AEF6F5 /* PreviewViewController.swift */; };
		A93CA23D1DDC7AD7006A118F /* YoutubeView.swift in Sources */ = {isa = PBXBuildFile; fileRef = A93CA23C1DDC7AD7006A118F /* YoutubeView.swift */; };
		A9B047311DCB263B00A0E914 /* ActionScanner.swift in Sources */ = {isa = PBXBuildFile; fileRef = A9B047301DCB263B00A0E914 /* ActionScanner.swift */; };
		A9B1C5C61DB8C5DF0075E43E /* ArticlePresenter.swift in Sources */ = {isa = PBXBuildFile; fileRef = A9B1C5B41DB8C5DF0075E43E /* ArticlePresenter.swift */; };
		A9B1C5C71DB8C5DF0075E43E /* ArticleViewController.swift in Sources */ = {isa = PBXBuildFile; fileRef = A9B1C5B51DB8C5DF0075E43E /* ArticleViewController.swift */; };
		A9B1C5C81DB8C5DF0075E43E /* ContentCell.swift in Sources */ = {isa = PBXBuildFile; fileRef = A9B1C5B71DB8C5DF0075E43E /* ContentCell.swift */; };
		A9B1C5C91DB8C5DF0075E43E /* ContentListPresenter.swift in Sources */ = {isa = PBXBuildFile; fileRef = A9B1C5B81DB8C5DF0075E43E /* ContentListPresenter.swift */; };
		A9B1C5CA1DB8C5DF0075E43E /* ContentListVC.swift in Sources */ = {isa = PBXBuildFile; fileRef = A9B1C5B91DB8C5DF0075E43E /* ContentListVC.swift */; };
		A9B1C5CB1DB8C5DF0075E43E /* CarouselFlowLayout.swift in Sources */ = {isa = PBXBuildFile; fileRef = A9B1C5BC1DB8C5DF0075E43E /* CarouselFlowLayout.swift */; };
		A9B1C5CC1DB8C5DF0075E43E /* CarouselLayout.swift in Sources */ = {isa = PBXBuildFile; fileRef = A9B1C5BD1DB8C5DF0075E43E /* CarouselLayout.swift */; };
		A9B1C5CD1DB8C5DF0075E43E /* LayoutDelegate.swift in Sources */ = {isa = PBXBuildFile; fileRef = A9B1C5BE1DB8C5DF0075E43E /* LayoutDelegate.swift */; };
		A9B1C5CE1DB8C5DF0075E43E /* LayoutFactory.swift in Sources */ = {isa = PBXBuildFile; fileRef = A9B1C5BF1DB8C5DF0075E43E /* LayoutFactory.swift */; };
		A9B1C5CF1DB8C5DF0075E43E /* MosaicFlowLayout.swift in Sources */ = {isa = PBXBuildFile; fileRef = A9B1C5C11DB8C5DF0075E43E /* MosaicFlowLayout.swift */; };
		A9B1C5D01DB8C5DF0075E43E /* MosaicLayout.swift in Sources */ = {isa = PBXBuildFile; fileRef = A9B1C5C21DB8C5DF0075E43E /* MosaicLayout.swift */; };
		A9B1C5D11DB8C5DF0075E43E /* OCM.storyboard in Resources */ = {isa = PBXBuildFile; fileRef = A9B1C5C31DB8C5DF0075E43E /* OCM.storyboard */; };
		A9B1C5D21DB8C5DF0075E43E /* Wireframe.swift in Sources */ = {isa = PBXBuildFile; fileRef = A9B1C5C41DB8C5DF0075E43E /* Wireframe.swift */; };
		A9B1C5DF1DB8C6410075E43E /* Article.swift in Sources */ = {isa = PBXBuildFile; fileRef = A9B1C5D71DB8C6410075E43E /* Article.swift */; };
		A9B1C5E01DB8C6410075E43E /* ArticleElement.swift in Sources */ = {isa = PBXBuildFile; fileRef = A9B1C5D81DB8C6410075E43E /* ArticleElement.swift */; };
		A9B1C5E11DB8C6410075E43E /* Element.swift in Sources */ = {isa = PBXBuildFile; fileRef = A9B1C5D91DB8C6410075E43E /* Element.swift */; };
		A9B1C5E21DB8C6410075E43E /* ElementImage.swift in Sources */ = {isa = PBXBuildFile; fileRef = A9B1C5DB1DB8C6410075E43E /* ElementImage.swift */; };
		A9B1C5E31DB8C6410075E43E /* ElementRichText.swift in Sources */ = {isa = PBXBuildFile; fileRef = A9B1C5DC1DB8C6410075E43E /* ElementRichText.swift */; };
		A9B1C5E41DB8C6410075E43E /* ElementVideo.swift in Sources */ = {isa = PBXBuildFile; fileRef = A9B1C5DD1DB8C6410075E43E /* ElementVideo.swift */; };
		A9B1C5E71DB8C6470075E43E /* ActionArticle.swift in Sources */ = {isa = PBXBuildFile; fileRef = A9B1C5E61DB8C6470075E43E /* ActionArticle.swift */; };
		A9B2E90F1DD07C0000C4B69A /* Orchextra.bundle in Resources */ = {isa = PBXBuildFile; fileRef = A9B2E90E1DD07C0000C4B69A /* Orchextra.bundle */; };
		A9B2E9111DD0959200C4B69A /* CoreLocation.framework in Frameworks */ = {isa = PBXBuildFile; fileRef = A9B2E9101DD0959200C4B69A /* CoreLocation.framework */; };
		A9B2E9131DD0959600C4B69A /* AdSupport.framework in Frameworks */ = {isa = PBXBuildFile; fileRef = A9B2E9121DD0959600C4B69A /* AdSupport.framework */; };
		A9B2E9151DD095B800C4B69A /* AVFoundation.framework in Frameworks */ = {isa = PBXBuildFile; fileRef = A9B2E9141DD095B800C4B69A /* AVFoundation.framework */; };
		A9B2E9171DD095BF00C4B69A /* PassKit.framework in Frameworks */ = {isa = PBXBuildFile; fileRef = A9B2E9161DD095BF00C4B69A /* PassKit.framework */; };
		A9B2E9191DD095C600C4B69A /* WebKit.framework in Frameworks */ = {isa = PBXBuildFile; fileRef = A9B2E9181DD095C600C4B69A /* WebKit.framework */; };
		A9B2E91B1DD095CD00C4B69A /* SafariServices.framework in Frameworks */ = {isa = PBXBuildFile; fileRef = A9B2E91A1DD095CD00C4B69A /* SafariServices.framework */; };
		A9BC01B91DAF828700624ED5 /* MenuInteractor.swift in Sources */ = {isa = PBXBuildFile; fileRef = A9BC01B81DAF828700624ED5 /* MenuInteractor.swift */; };
		A9BC01BB1DAF953800624ED5 /* Menu.swift in Sources */ = {isa = PBXBuildFile; fileRef = A9BC01BA1DAF953800624ED5 /* Menu.swift */; };
		A9C6A9271DC0CAF0005A12DA /* ActionBrowser.swift in Sources */ = {isa = PBXBuildFile; fileRef = A9C6A9261DC0CAF0005A12DA /* ActionBrowser.swift */; };
		FA159F791CAC3CE5001367D1 /* AppDelegate.swift in Sources */ = {isa = PBXBuildFile; fileRef = FA159F781CAC3CE5001367D1 /* AppDelegate.swift */; };
		FA159F7B1CAC3CE5001367D1 /* ViewController.swift in Sources */ = {isa = PBXBuildFile; fileRef = FA159F7A1CAC3CE5001367D1 /* ViewController.swift */; };
		FA159F7E1CAC3CE5001367D1 /* Main.storyboard in Resources */ = {isa = PBXBuildFile; fileRef = FA159F7C1CAC3CE5001367D1 /* Main.storyboard */; };
		FA159F801CAC3CE5001367D1 /* Assets.xcassets in Resources */ = {isa = PBXBuildFile; fileRef = FA159F7F1CAC3CE5001367D1 /* Assets.xcassets */; };
		FA159F831CAC3CE5001367D1 /* LaunchScreen.storyboard in Resources */ = {isa = PBXBuildFile; fileRef = FA159F811CAC3CE5001367D1 /* LaunchScreen.storyboard */; };
		FA159F881CAC3DC0001367D1 /* OCMSDK.framework in Frameworks */ = {isa = PBXBuildFile; fileRef = FA8F9E261CAC208D00CD359E /* OCMSDK.framework */; };
		FA159F891CAC3DC0001367D1 /* OCMSDK.framework in Embed Frameworks */ = {isa = PBXBuildFile; fileRef = FA8F9E261CAC208D00CD359E /* OCMSDK.framework */; settings = {ATTRIBUTES = (CodeSignOnCopy, RemoveHeadersOnCopy, ); }; };
		FA2C88081DAD3DEB0073DE2F /* MenuService.swift in Sources */ = {isa = PBXBuildFile; fileRef = FA2C88071DAD3DEB0073DE2F /* MenuService.swift */; };
		FA3022061CBD62AA00A8F7DE /* GIGLibrary.framework in Frameworks */ = {isa = PBXBuildFile; fileRef = FA37B90B1CBBA5B500891551 /* GIGLibrary.framework */; };
		FA3022071CBD630B00A8F7DE /* GIGLibrary.framework in CopyFiles */ = {isa = PBXBuildFile; fileRef = FA37B90B1CBBA5B500891551 /* GIGLibrary.framework */; settings = {ATTRIBUTES = (CodeSignOnCopy, RemoveHeadersOnCopy, ); }; };
		FA37B90A1CBBA44800891551 /* Cartfile in Resources */ = {isa = PBXBuildFile; fileRef = FA37B9091CBBA44800891551 /* Cartfile */; };
		FA37B90C1CBBA5B500891551 /* GIGLibrary.framework in Frameworks */ = {isa = PBXBuildFile; fileRef = FA37B90B1CBBA5B500891551 /* GIGLibrary.framework */; };
		FA37B90F1CBBA62600891551 /* GIGLibrary.framework in Frameworks */ = {isa = PBXBuildFile; fileRef = FA37B90B1CBBA5B500891551 /* GIGLibrary.framework */; };
		FA37B9101CBBA62600891551 /* GIGLibrary.framework in Embed Frameworks */ = {isa = PBXBuildFile; fileRef = FA37B90B1CBBA5B500891551 /* GIGLibrary.framework */; settings = {ATTRIBUTES = (CodeSignOnCopy, RemoveHeadersOnCopy, ); }; };
		FA39D8631DAFF316002FC3E5 /* SessionInteractor.swift in Sources */ = {isa = PBXBuildFile; fileRef = FA39D8621DAFF316002FC3E5 /* SessionInteractor.swift */; };
		FA39D8661DAFF359002FC3E5 /* Session.swift in Sources */ = {isa = PBXBuildFile; fileRef = FA39D8651DAFF359002FC3E5 /* Session.swift */; };
		FA39D8691DAFF36B002FC3E5 /* OCMPalette.swift in Sources */ = {isa = PBXBuildFile; fileRef = FA39D8671DAFF36B002FC3E5 /* OCMPalette.swift */; };
		FA39D86D1DAFF520002FC3E5 /* OrchextraWrapper.swift in Sources */ = {isa = PBXBuildFile; fileRef = FA39D86C1DAFF520002FC3E5 /* OrchextraWrapper.swift */; };
		FA3BA31B1DCB78E00004B8D9 /* Request.swift in Sources */ = {isa = PBXBuildFile; fileRef = FA3BA31A1DCB78E00004B8D9 /* Request.swift */; };
		FA45FD731DA55E4C00EE081A /* ActionContent.swift in Sources */ = {isa = PBXBuildFile; fileRef = FA45FD721DA55E4C00EE081A /* ActionContent.swift */; };
		FA48DE4D1DB104740035A885 /* Orchextra.framework in Frameworks */ = {isa = PBXBuildFile; fileRef = FAF294DB1DB0E7A5006E2CA3 /* Orchextra.framework */; };
		FA48DE4E1DB104870035A885 /* Orchextra.framework in CopyFiles */ = {isa = PBXBuildFile; fileRef = FAF294DB1DB0E7A5006E2CA3 /* Orchextra.framework */; settings = {ATTRIBUTES = (CodeSignOnCopy, RemoveHeadersOnCopy, ); }; };
		FA48DE511DB105FB0035A885 /* MenuCoordinator.swift in Sources */ = {isa = PBXBuildFile; fileRef = FA48DE501DB105FB0035A885 /* MenuCoordinator.swift */; };
		FA8A2F241DA3AE3D00495AB2 /* WebVC.swift in Sources */ = {isa = PBXBuildFile; fileRef = FA8A2EF01DA3AE3D00495AB2 /* WebVC.swift */; };
		FA8A2F251DA3AE3D00495AB2 /* Localize.swift in Sources */ = {isa = PBXBuildFile; fileRef = FA8A2EF21DA3AE3D00495AB2 /* Localize.swift */; };
		FA8A2F261DA3AE3D00495AB2 /* Log.swift in Sources */ = {isa = PBXBuildFile; fileRef = FA8A2EF31DA3AE3D00495AB2 /* Log.swift */; };
		FA8A2F271DA3AE3D00495AB2 /* BundleExtension.swift in Sources */ = {isa = PBXBuildFile; fileRef = FA8A2EF41DA3AE3D00495AB2 /* BundleExtension.swift */; };
		FA8A2F281DA3AE3D00495AB2 /* NSError+Extension.swift in Sources */ = {isa = PBXBuildFile; fileRef = FA8A2EF51DA3AE3D00495AB2 /* NSError+Extension.swift */; };
		FA8A2F2A1DA3AE3D00495AB2 /* Storyboard+Extension.swift in Sources */ = {isa = PBXBuildFile; fileRef = FA8A2EF71DA3AE3D00495AB2 /* Storyboard+Extension.swift */; };
		FA8A2F2E1DA3AE3D00495AB2 /* ContentListService.swift in Sources */ = {isa = PBXBuildFile; fileRef = FA8A2EFF1DA3AE3D00495AB2 /* ContentListService.swift */; };
		FA8A2F301DA3AE3D00495AB2 /* PushInteractor.swift in Sources */ = {isa = PBXBuildFile; fileRef = FA8A2F021DA3AE3D00495AB2 /* PushInteractor.swift */; };
		FA8A2F321DA3AE3D00495AB2 /* ContentListInteractor.swift in Sources */ = {isa = PBXBuildFile; fileRef = FA8A2F041DA3AE3D00495AB2 /* ContentListInteractor.swift */; };
		FA8A2F331DA3AE3D00495AB2 /* Action.swift in Sources */ = {isa = PBXBuildFile; fileRef = FA8A2F071DA3AE3D00495AB2 /* Action.swift */; };
		FA8A2F341DA3AE3D00495AB2 /* ActionBanner.swift in Sources */ = {isa = PBXBuildFile; fileRef = FA8A2F081DA3AE3D00495AB2 /* ActionBanner.swift */; };
		FA8A2F371DA3AE3D00495AB2 /* ActionCustomScheme.swift in Sources */ = {isa = PBXBuildFile; fileRef = FA8A2F0B1DA3AE3D00495AB2 /* ActionCustomScheme.swift */; };
		FA8A2F381DA3AE3D00495AB2 /* ActionWebview.swift in Sources */ = {isa = PBXBuildFile; fileRef = FA8A2F0C1DA3AE3D00495AB2 /* ActionWebview.swift */; };
		FA8A2F391DA3AE3D00495AB2 /* Media.swift in Sources */ = {isa = PBXBuildFile; fileRef = FA8A2F0D1DA3AE3D00495AB2 /* Media.swift */; };
		FA8A2F3A1DA3AE3D00495AB2 /* Storage.swift in Sources */ = {isa = PBXBuildFile; fileRef = FA8A2F0E1DA3AE3D00495AB2 /* Storage.swift */; };
		FA8A2F3B1DA3AE3D00495AB2 /* Content.swift in Sources */ = {isa = PBXBuildFile; fileRef = FA8A2F0F1DA3AE3D00495AB2 /* Content.swift */; };
		FA8A2F3C1DA3AE3D00495AB2 /* OCM.h in Headers */ = {isa = PBXBuildFile; fileRef = FA8A2F101DA3AE3D00495AB2 /* OCM.h */; };
		FA8A2F3D1DA3AE3D00495AB2 /* OCM.swift in Sources */ = {isa = PBXBuildFile; fileRef = FA8A2F111DA3AE3D00495AB2 /* OCM.swift */; };
		FA8A2F3F1DA3AE3D00495AB2 /* Assets.xcassets in Resources */ = {isa = PBXBuildFile; fileRef = FA8A2F141DA3AE3D00495AB2 /* Assets.xcassets */; };
		FA8A2F401DA3AE3D00495AB2 /* Localizable.strings in Resources */ = {isa = PBXBuildFile; fileRef = FA8A2F161DA3AE3D00495AB2 /* Localizable.strings */; };
		FA8A2F411DA3AE3D00495AB2 /* LocalizableConstants.swift in Sources */ = {isa = PBXBuildFile; fileRef = FA8A2F191DA3AE3D00495AB2 /* LocalizableConstants.swift */; };
		FA8A2F421DA3AE3D00495AB2 /* Locfile in Resources */ = {isa = PBXBuildFile; fileRef = FA8A2F1C1DA3AE3D00495AB2 /* Locfile */; };
		FA8F9E311CAC208D00CD359E /* OCMSDK.framework in Frameworks */ = {isa = PBXBuildFile; fileRef = FA8F9E261CAC208D00CD359E /* OCMSDK.framework */; };
		FA94DC081DAFF951009FDFE3 /* Config.swift in Sources */ = {isa = PBXBuildFile; fileRef = FA39D8681DAFF36B002FC3E5 /* Config.swift */; };
		FAB0605A1DAD0860002C2270 /* ActionInteractor.swift in Sources */ = {isa = PBXBuildFile; fileRef = FAB060591DAD0860002C2270 /* ActionInteractor.swift */; };
		FAB0605C1DAD2A12002C2270 /* ActionDataManager.swift in Sources */ = {isa = PBXBuildFile; fileRef = FAB0605B1DAD2A12002C2270 /* ActionDataManager.swift */; };
		FABD882F1DA3D12C002F40A9 /* Section.swift in Sources */ = {isa = PBXBuildFile; fileRef = FABD882E1DA3D12C002F40A9 /* Section.swift */; };
		FAF294DC1DB0E7A5006E2CA3 /* Orchextra.framework in Frameworks */ = {isa = PBXBuildFile; fileRef = FAF294DB1DB0E7A5006E2CA3 /* Orchextra.framework */; };
		FAF294DE1DB0EB5A006E2CA3 /* Orchextra.framework in Frameworks */ = {isa = PBXBuildFile; fileRef = FAF294DB1DB0E7A5006E2CA3 /* Orchextra.framework */; };
		FAF294DF1DB0EB5A006E2CA3 /* Orchextra.framework in Embed Frameworks */ = {isa = PBXBuildFile; fileRef = FAF294DB1DB0E7A5006E2CA3 /* Orchextra.framework */; settings = {ATTRIBUTES = (CodeSignOnCopy, RemoveHeadersOnCopy, ); }; };
		FAF930C41DAF9286009A3E50 /* ActionType.swift in Sources */ = {isa = PBXBuildFile; fileRef = FAF930C31DAF9286009A3E50 /* ActionType.swift */; };
		FAF930C71DAF9DF5009A3E50 /* ErrorConstants.swift in Sources */ = {isa = PBXBuildFile; fileRef = FAF930C61DAF9DF5009A3E50 /* ErrorConstants.swift */; };
/* End PBXBuildFile section */

/* Begin PBXContainerItemProxy section */
		FA159F8A1CAC3DC0001367D1 /* PBXContainerItemProxy */ = {
			isa = PBXContainerItemProxy;
			containerPortal = FA8F9E1D1CAC208D00CD359E /* Project object */;
			proxyType = 1;
			remoteGlobalIDString = FA8F9E251CAC208D00CD359E;
			remoteInfo = Zeus;
		};
		FA8F9E321CAC208D00CD359E /* PBXContainerItemProxy */ = {
			isa = PBXContainerItemProxy;
			containerPortal = FA8F9E1D1CAC208D00CD359E /* Project object */;
			proxyType = 1;
			remoteGlobalIDString = FA8F9E251CAC208D00CD359E;
			remoteInfo = Zeus;
		};
/* End PBXContainerItemProxy section */

/* Begin PBXCopyFilesBuildPhase section */
		FA159F8C1CAC3DC0001367D1 /* Embed Frameworks */ = {
			isa = PBXCopyFilesBuildPhase;
			buildActionMask = 2147483647;
			dstPath = "";
			dstSubfolderSpec = 10;
			files = (
				FA37B9101CBBA62600891551 /* GIGLibrary.framework in Embed Frameworks */,
				A569E1FB1DDF15C20042316C /* YouTubeiOSPlayerHelper.framework in Embed Frameworks */,
				FAF294DF1DB0EB5A006E2CA3 /* Orchextra.framework in Embed Frameworks */,
				FA159F891CAC3DC0001367D1 /* OCMSDK.framework in Embed Frameworks */,
			);
			name = "Embed Frameworks";
			runOnlyForDeploymentPostprocessing = 0;
		};
		FA6694AA1CB24DF600039412 /* CopyFiles */ = {
			isa = PBXCopyFilesBuildPhase;
			buildActionMask = 2147483647;
			dstPath = "";
			dstSubfolderSpec = 10;
			files = (
				FA48DE4E1DB104870035A885 /* Orchextra.framework in CopyFiles */,
				FA3022071CBD630B00A8F7DE /* GIGLibrary.framework in CopyFiles */,
			);
			runOnlyForDeploymentPostprocessing = 0;
		};
/* End PBXCopyFilesBuildPhase section */

/* Begin PBXFileReference section */
		022786531E28DE1600237CA7 /* AnalyticConstants.swift */ = {isa = PBXFileReference; fileEncoding = 4; lastKnownFileType = sourcecode.swift; path = AnalyticConstants.swift; sourceTree = "<group>"; };
		8F253A861DE4752E0003A89F /* UrlSizedComposserWrapper.swift */ = {isa = PBXFileReference; fileEncoding = 4; lastKnownFileType = sourcecode.swift; path = UrlSizedComposserWrapper.swift; sourceTree = "<group>"; };
		8FD1D7731DD1FC6900D5E0E2 /* ActionYoutube.swift */ = {isa = PBXFileReference; fileEncoding = 4; lastKnownFileType = sourcecode.swift; path = ActionYoutube.swift; sourceTree = "<group>"; };
		8FD1D7771DD223EA00D5E0E2 /* YoutubeWebVC.swift */ = {isa = PBXFileReference; fileEncoding = 4; lastKnownFileType = sourcecode.swift; path = YoutubeWebVC.swift; sourceTree = "<group>"; };
		8FD1D7791DD2284D00D5E0E2 /* YoutubeWebPresenter.swift */ = {isa = PBXFileReference; fileEncoding = 4; lastKnownFileType = sourcecode.swift; path = YoutubeWebPresenter.swift; sourceTree = "<group>"; };
		8FD1D77B1DD22CE700D5E0E2 /* YoutubeWebInteractor.swift */ = {isa = PBXFileReference; fileEncoding = 4; lastKnownFileType = sourcecode.swift; path = YoutubeWebInteractor.swift; sourceTree = "<group>"; };
		A5028CAB1DE34F6000B382E0 /* YoutubeVC.xib */ = {isa = PBXFileReference; fileEncoding = 4; lastKnownFileType = file.xib; path = YoutubeVC.xib; sourceTree = "<group>"; };
		A54EACE21DBF5A39003FAE4B /* ImageConstants.swift */ = {isa = PBXFileReference; fileEncoding = 4; lastKnownFileType = sourcecode.swift; name = ImageConstants.swift; path = Constants/ImageConstants.swift; sourceTree = "<group>"; };
		A556CB2A1DD0F00A002548AA /* PreviewImageTextView.xib */ = {isa = PBXFileReference; fileEncoding = 4; lastKnownFileType = file.xib; path = PreviewImageTextView.xib; sourceTree = "<group>"; };
		A556CB2C1DD0F01C002548AA /* PreviewImageTextView.swift */ = {isa = PBXFileReference; fileEncoding = 4; lastKnownFileType = sourcecode.swift; path = PreviewImageTextView.swift; sourceTree = "<group>"; };
		A569E1F91DDF13D70042316C /* YouTubeiOSPlayerHelper.framework */ = {isa = PBXFileReference; lastKnownFileType = wrapper.framework; name = YouTubeiOSPlayerHelper.framework; path = Carthage/Build/iOS/YouTubeiOSPlayerHelper.framework; sourceTree = "<group>"; };
		A569E1FD1DDF26A60042316C /* YoutubeVC.swift */ = {isa = PBXFileReference; fileEncoding = 4; lastKnownFileType = sourcecode.swift; path = YoutubeVC.swift; sourceTree = "<group>"; };
		A56BD87F1E01A13A00C63FA2 /* ShareInfo.swift */ = {isa = PBXFileReference; fileEncoding = 4; lastKnownFileType = sourcecode.swift; path = ShareInfo.swift; sourceTree = "<group>"; };
		A583DB651DD5C7E400A22445 /* Preview.swift */ = {isa = PBXFileReference; fileEncoding = 4; lastKnownFileType = sourcecode.swift; path = Preview.swift; sourceTree = "<group>"; };
		A583DB671DD5C80000A22445 /* PreviewImageText.swift */ = {isa = PBXFileReference; fileEncoding = 4; lastKnownFileType = sourcecode.swift; path = PreviewImageText.swift; sourceTree = "<group>"; };
		A5AB22B81DC33E5D00D1785B /* gotham-book.ttf */ = {isa = PBXFileReference; lastKnownFileType = file; path = "gotham-book.ttf"; sourceTree = "<group>"; };
		A5AB22B91DC33E5D00D1785B /* gotham-light.ttf */ = {isa = PBXFileReference; lastKnownFileType = file; path = "gotham-light.ttf"; sourceTree = "<group>"; };
		A5AB22BA1DC33E5D00D1785B /* gotham-medium.ttf */ = {isa = PBXFileReference; lastKnownFileType = file; path = "gotham-medium.ttf"; sourceTree = "<group>"; };
		A5AB22BB1DC33E5D00D1785B /* gotham-ultra.ttf */ = {isa = PBXFileReference; lastKnownFileType = file; path = "gotham-ultra.ttf"; sourceTree = "<group>"; };
		A5AC5DEB1DC361C60041DA2D /* Font+Load.swift */ = {isa = PBXFileReference; fileEncoding = 4; lastKnownFileType = sourcecode.swift; path = "Font+Load.swift"; sourceTree = "<group>"; };
		A5B519281DC0911000678A16 /* UIViewController+Extension.swift */ = {isa = PBXFileReference; fileEncoding = 4; lastKnownFileType = sourcecode.swift; path = "UIViewController+Extension.swift"; sourceTree = "<group>"; };
		A5B5192B1DC0A73D00678A16 /* OrchextraViewController.swift */ = {isa = PBXFileReference; fileEncoding = 4; lastKnownFileType = sourcecode.swift; path = OrchextraViewController.swift; sourceTree = "<group>"; };
		A5E1FFC01DAB9DBB0084E251 /* ContentList.swift */ = {isa = PBXFileReference; fileEncoding = 4; lastKnownFileType = sourcecode.swift; path = ContentList.swift; sourceTree = "<group>"; };
		A5EE88A01DDB0DCA000AAEE1 /* SearchVC.swift */ = {isa = PBXFileReference; fileEncoding = 4; lastKnownFileType = sourcecode.swift; path = SearchVC.swift; sourceTree = "<group>"; };
		A9086BB41E01533600D09728 /* PreviewInteractionController.swift */ = {isa = PBXFileReference; fileEncoding = 4; lastKnownFileType = sourcecode.swift; path = PreviewInteractionController.swift; sourceTree = "<group>"; };
		A9086BB51E01533600D09728 /* Swipe.swift */ = {isa = PBXFileReference; fileEncoding = 4; lastKnownFileType = sourcecode.swift; path = Swipe.swift; sourceTree = "<group>"; };
		A9086BB61E01533600D09728 /* Tap.swift */ = {isa = PBXFileReference; fileEncoding = 4; lastKnownFileType = sourcecode.swift; path = Tap.swift; sourceTree = "<group>"; };
		A9086BB91E01533600D09728 /* ImageTransition.swift */ = {isa = PBXFileReference; fileEncoding = 4; lastKnownFileType = sourcecode.swift; path = ImageTransition.swift; sourceTree = "<group>"; };
		A9086BBA1E01533600D09728 /* ImageTransitionNavigationController.swift */ = {isa = PBXFileReference; fileEncoding = 4; lastKnownFileType = sourcecode.swift; path = ImageTransitionNavigationController.swift; sourceTree = "<group>"; };
		A9086BBB1E01533600D09728 /* ModalImageTransitionViewController.swift */ = {isa = PBXFileReference; fileEncoding = 4; lastKnownFileType = sourcecode.swift; path = ModalImageTransitionViewController.swift; sourceTree = "<group>"; };
		A9086BBC1E01533600D09728 /* TransitionAnimator.swift */ = {isa = PBXFileReference; fileEncoding = 4; lastKnownFileType = sourcecode.swift; path = TransitionAnimator.swift; sourceTree = "<group>"; };
		A912943A1DCB4ECC00B6D55B /* ActionVuforia.swift */ = {isa = PBXFileReference; fileEncoding = 4; lastKnownFileType = sourcecode.swift; path = ActionVuforia.swift; sourceTree = "<group>"; };
		A912943C1DCB5A1E00B6D55B /* VuforiaOrchextra.framework */ = {isa = PBXFileReference; lastKnownFileType = wrapper.framework; path = VuforiaOrchextra.framework; sourceTree = "<group>"; };
		A912943E1DCB5A5000B6D55B /* SystemConfiguration.framework */ = {isa = PBXFileReference; lastKnownFileType = wrapper.framework; name = SystemConfiguration.framework; path = System/Library/Frameworks/SystemConfiguration.framework; sourceTree = SDKROOT; };
		A91294401DCB5A5900B6D55B /* CoreMotion.framework */ = {isa = PBXFileReference; lastKnownFileType = wrapper.framework; name = CoreMotion.framework; path = System/Library/Frameworks/CoreMotion.framework; sourceTree = SDKROOT; };
		A91294421DCB5A6200B6D55B /* CoreMedia.framework */ = {isa = PBXFileReference; lastKnownFileType = wrapper.framework; name = CoreMedia.framework; path = System/Library/Frameworks/CoreMedia.framework; sourceTree = SDKROOT; };
		A912944A1DCB5E5400B6D55B /* OCM-Bridging-Header.h */ = {isa = PBXFileReference; fileEncoding = 4; lastKnownFileType = sourcecode.c.h; path = "OCM-Bridging-Header.h"; sourceTree = "<group>"; };
		A91C8D221DD9B2910086937A /* ElementHeader.swift */ = {isa = PBXFileReference; fileEncoding = 4; lastKnownFileType = sourcecode.swift; path = ElementHeader.swift; sourceTree = "<group>"; };
		A920DC3B1DBFAE8100AEF6F5 /* MainContent.storyboard */ = {isa = PBXFileReference; fileEncoding = 4; lastKnownFileType = file.storyboard; path = MainContent.storyboard; sourceTree = "<group>"; };
		A920DC3C1DBFAE8100AEF6F5 /* MainContentViewController.swift */ = {isa = PBXFileReference; fileEncoding = 4; lastKnownFileType = sourcecode.swift; path = MainContentViewController.swift; sourceTree = "<group>"; };
		A920DC3D1DBFAE8100AEF6F5 /* MainPresenter.swift */ = {isa = PBXFileReference; fileEncoding = 4; lastKnownFileType = sourcecode.swift; path = MainPresenter.swift; sourceTree = "<group>"; };
		A920DC431DBFAE8A00AEF6F5 /* PreviewPresenter.swift */ = {isa = PBXFileReference; fileEncoding = 4; lastKnownFileType = sourcecode.swift; path = PreviewPresenter.swift; sourceTree = "<group>"; };
		A920DC441DBFAE8A00AEF6F5 /* PreviewViewController.swift */ = {isa = PBXFileReference; fileEncoding = 4; lastKnownFileType = sourcecode.swift; path = PreviewViewController.swift; sourceTree = "<group>"; };
		A93CA23C1DDC7AD7006A118F /* YoutubeView.swift */ = {isa = PBXFileReference; fileEncoding = 4; lastKnownFileType = sourcecode.swift; path = YoutubeView.swift; sourceTree = "<group>"; };
		A9B047301DCB263B00A0E914 /* ActionScanner.swift */ = {isa = PBXFileReference; fileEncoding = 4; lastKnownFileType = sourcecode.swift; path = ActionScanner.swift; sourceTree = "<group>"; };
		A9B1C5B41DB8C5DF0075E43E /* ArticlePresenter.swift */ = {isa = PBXFileReference; fileEncoding = 4; lastKnownFileType = sourcecode.swift; path = ArticlePresenter.swift; sourceTree = "<group>"; };
		A9B1C5B51DB8C5DF0075E43E /* ArticleViewController.swift */ = {isa = PBXFileReference; fileEncoding = 4; lastKnownFileType = sourcecode.swift; path = ArticleViewController.swift; sourceTree = "<group>"; };
		A9B1C5B71DB8C5DF0075E43E /* ContentCell.swift */ = {isa = PBXFileReference; fileEncoding = 4; lastKnownFileType = sourcecode.swift; path = ContentCell.swift; sourceTree = "<group>"; };
		A9B1C5B81DB8C5DF0075E43E /* ContentListPresenter.swift */ = {isa = PBXFileReference; fileEncoding = 4; lastKnownFileType = sourcecode.swift; path = ContentListPresenter.swift; sourceTree = "<group>"; };
		A9B1C5B91DB8C5DF0075E43E /* ContentListVC.swift */ = {isa = PBXFileReference; fileEncoding = 4; lastKnownFileType = sourcecode.swift; path = ContentListVC.swift; sourceTree = "<group>"; };
		A9B1C5BC1DB8C5DF0075E43E /* CarouselFlowLayout.swift */ = {isa = PBXFileReference; fileEncoding = 4; lastKnownFileType = sourcecode.swift; path = CarouselFlowLayout.swift; sourceTree = "<group>"; };
		A9B1C5BD1DB8C5DF0075E43E /* CarouselLayout.swift */ = {isa = PBXFileReference; fileEncoding = 4; lastKnownFileType = sourcecode.swift; path = CarouselLayout.swift; sourceTree = "<group>"; };
		A9B1C5BE1DB8C5DF0075E43E /* LayoutDelegate.swift */ = {isa = PBXFileReference; fileEncoding = 4; lastKnownFileType = sourcecode.swift; path = LayoutDelegate.swift; sourceTree = "<group>"; };
		A9B1C5BF1DB8C5DF0075E43E /* LayoutFactory.swift */ = {isa = PBXFileReference; fileEncoding = 4; lastKnownFileType = sourcecode.swift; path = LayoutFactory.swift; sourceTree = "<group>"; };
		A9B1C5C11DB8C5DF0075E43E /* MosaicFlowLayout.swift */ = {isa = PBXFileReference; fileEncoding = 4; lastKnownFileType = sourcecode.swift; path = MosaicFlowLayout.swift; sourceTree = "<group>"; };
		A9B1C5C21DB8C5DF0075E43E /* MosaicLayout.swift */ = {isa = PBXFileReference; fileEncoding = 4; lastKnownFileType = sourcecode.swift; path = MosaicLayout.swift; sourceTree = "<group>"; };
		A9B1C5C31DB8C5DF0075E43E /* OCM.storyboard */ = {isa = PBXFileReference; fileEncoding = 4; lastKnownFileType = file.storyboard; path = OCM.storyboard; sourceTree = "<group>"; };
		A9B1C5C41DB8C5DF0075E43E /* Wireframe.swift */ = {isa = PBXFileReference; fileEncoding = 4; lastKnownFileType = sourcecode.swift; path = Wireframe.swift; sourceTree = "<group>"; };
		A9B1C5D71DB8C6410075E43E /* Article.swift */ = {isa = PBXFileReference; fileEncoding = 4; lastKnownFileType = sourcecode.swift; path = Article.swift; sourceTree = "<group>"; };
		A9B1C5D81DB8C6410075E43E /* ArticleElement.swift */ = {isa = PBXFileReference; fileEncoding = 4; lastKnownFileType = sourcecode.swift; path = ArticleElement.swift; sourceTree = "<group>"; };
		A9B1C5D91DB8C6410075E43E /* Element.swift */ = {isa = PBXFileReference; fileEncoding = 4; lastKnownFileType = sourcecode.swift; path = Element.swift; sourceTree = "<group>"; };
		A9B1C5DB1DB8C6410075E43E /* ElementImage.swift */ = {isa = PBXFileReference; fileEncoding = 4; lastKnownFileType = sourcecode.swift; path = ElementImage.swift; sourceTree = "<group>"; };
		A9B1C5DC1DB8C6410075E43E /* ElementRichText.swift */ = {isa = PBXFileReference; fileEncoding = 4; lastKnownFileType = sourcecode.swift; path = ElementRichText.swift; sourceTree = "<group>"; };
		A9B1C5DD1DB8C6410075E43E /* ElementVideo.swift */ = {isa = PBXFileReference; fileEncoding = 4; lastKnownFileType = sourcecode.swift; path = ElementVideo.swift; sourceTree = "<group>"; };
		A9B1C5E61DB8C6470075E43E /* ActionArticle.swift */ = {isa = PBXFileReference; fileEncoding = 4; lastKnownFileType = sourcecode.swift; path = ActionArticle.swift; sourceTree = "<group>"; };
		A9B2E90E1DD07C0000C4B69A /* Orchextra.bundle */ = {isa = PBXFileReference; lastKnownFileType = "wrapper.plug-in"; path = Orchextra.bundle; sourceTree = "<group>"; };
		A9B2E9101DD0959200C4B69A /* CoreLocation.framework */ = {isa = PBXFileReference; lastKnownFileType = wrapper.framework; name = CoreLocation.framework; path = System/Library/Frameworks/CoreLocation.framework; sourceTree = SDKROOT; };
		A9B2E9121DD0959600C4B69A /* AdSupport.framework */ = {isa = PBXFileReference; lastKnownFileType = wrapper.framework; name = AdSupport.framework; path = System/Library/Frameworks/AdSupport.framework; sourceTree = SDKROOT; };
		A9B2E9141DD095B800C4B69A /* AVFoundation.framework */ = {isa = PBXFileReference; lastKnownFileType = wrapper.framework; name = AVFoundation.framework; path = System/Library/Frameworks/AVFoundation.framework; sourceTree = SDKROOT; };
		A9B2E9161DD095BF00C4B69A /* PassKit.framework */ = {isa = PBXFileReference; lastKnownFileType = wrapper.framework; name = PassKit.framework; path = System/Library/Frameworks/PassKit.framework; sourceTree = SDKROOT; };
		A9B2E9181DD095C600C4B69A /* WebKit.framework */ = {isa = PBXFileReference; lastKnownFileType = wrapper.framework; name = WebKit.framework; path = System/Library/Frameworks/WebKit.framework; sourceTree = SDKROOT; };
		A9B2E91A1DD095CD00C4B69A /* SafariServices.framework */ = {isa = PBXFileReference; lastKnownFileType = wrapper.framework; name = SafariServices.framework; path = System/Library/Frameworks/SafariServices.framework; sourceTree = SDKROOT; };
		A9BC01B81DAF828700624ED5 /* MenuInteractor.swift */ = {isa = PBXFileReference; fileEncoding = 4; lastKnownFileType = sourcecode.swift; path = MenuInteractor.swift; sourceTree = "<group>"; };
		A9BC01BA1DAF953800624ED5 /* Menu.swift */ = {isa = PBXFileReference; fileEncoding = 4; lastKnownFileType = sourcecode.swift; path = Menu.swift; sourceTree = "<group>"; };
		A9C6A9261DC0CAF0005A12DA /* ActionBrowser.swift */ = {isa = PBXFileReference; fileEncoding = 4; lastKnownFileType = sourcecode.swift; path = ActionBrowser.swift; sourceTree = "<group>"; };
		FA159F761CAC3CE5001367D1 /* OCMDemo.app */ = {isa = PBXFileReference; explicitFileType = wrapper.application; includeInIndex = 0; path = OCMDemo.app; sourceTree = BUILT_PRODUCTS_DIR; };
		FA159F781CAC3CE5001367D1 /* AppDelegate.swift */ = {isa = PBXFileReference; lastKnownFileType = sourcecode.swift; path = AppDelegate.swift; sourceTree = "<group>"; };
		FA159F7A1CAC3CE5001367D1 /* ViewController.swift */ = {isa = PBXFileReference; lastKnownFileType = sourcecode.swift; lineEnding = 0; path = ViewController.swift; sourceTree = "<group>"; xcLanguageSpecificationIdentifier = xcode.lang.swift; };
		FA159F7D1CAC3CE5001367D1 /* Base */ = {isa = PBXFileReference; lastKnownFileType = file.storyboard; name = Base; path = Base.lproj/Main.storyboard; sourceTree = "<group>"; };
		FA159F7F1CAC3CE5001367D1 /* Assets.xcassets */ = {isa = PBXFileReference; lastKnownFileType = folder.assetcatalog; path = Assets.xcassets; sourceTree = "<group>"; };
		FA159F821CAC3CE5001367D1 /* Base */ = {isa = PBXFileReference; lastKnownFileType = file.storyboard; name = Base; path = Base.lproj/LaunchScreen.storyboard; sourceTree = "<group>"; };
		FA159F841CAC3CE5001367D1 /* Info.plist */ = {isa = PBXFileReference; lastKnownFileType = text.plist.xml; path = Info.plist; sourceTree = "<group>"; };
		FA2C88071DAD3DEB0073DE2F /* MenuService.swift */ = {isa = PBXFileReference; fileEncoding = 4; lastKnownFileType = sourcecode.swift; path = MenuService.swift; sourceTree = "<group>"; };
		FA37B9091CBBA44800891551 /* Cartfile */ = {isa = PBXFileReference; fileEncoding = 4; lastKnownFileType = text; path = Cartfile; sourceTree = "<group>"; };
		FA37B90B1CBBA5B500891551 /* GIGLibrary.framework */ = {isa = PBXFileReference; lastKnownFileType = wrapper.framework; name = GIGLibrary.framework; path = Carthage/Build/iOS/GIGLibrary.framework; sourceTree = "<group>"; };
		FA39D8621DAFF316002FC3E5 /* SessionInteractor.swift */ = {isa = PBXFileReference; fileEncoding = 4; lastKnownFileType = sourcecode.swift; path = SessionInteractor.swift; sourceTree = "<group>"; };
		FA39D8651DAFF359002FC3E5 /* Session.swift */ = {isa = PBXFileReference; fileEncoding = 4; lastKnownFileType = sourcecode.swift; name = Session.swift; path = Config/Session.swift; sourceTree = "<group>"; };
		FA39D8671DAFF36B002FC3E5 /* OCMPalette.swift */ = {isa = PBXFileReference; fileEncoding = 4; lastKnownFileType = sourcecode.swift; name = OCMPalette.swift; path = Config/OCMPalette.swift; sourceTree = "<group>"; };
		FA39D8681DAFF36B002FC3E5 /* Config.swift */ = {isa = PBXFileReference; fileEncoding = 4; lastKnownFileType = sourcecode.swift; lineEnding = 0; name = Config.swift; path = Config/Config.swift; sourceTree = "<group>"; xcLanguageSpecificationIdentifier = xcode.lang.swift; };
		FA39D86C1DAFF520002FC3E5 /* OrchextraWrapper.swift */ = {isa = PBXFileReference; fileEncoding = 4; lastKnownFileType = sourcecode.swift; name = OrchextraWrapper.swift; path = OCM/Wrappers/OrchextraWrapper.swift; sourceTree = SOURCE_ROOT; };
		FA3BA31A1DCB78E00004B8D9 /* Request.swift */ = {isa = PBXFileReference; fileEncoding = 4; lastKnownFileType = sourcecode.swift; lineEnding = 0; name = Request.swift; path = ../../Common/Utils/Request.swift; sourceTree = "<group>"; xcLanguageSpecificationIdentifier = xcode.lang.swift; };
		FA45FD721DA55E4C00EE081A /* ActionContent.swift */ = {isa = PBXFileReference; fileEncoding = 4; lastKnownFileType = sourcecode.swift; path = ActionContent.swift; sourceTree = "<group>"; };
		FA48DE501DB105FB0035A885 /* MenuCoordinator.swift */ = {isa = PBXFileReference; fileEncoding = 4; lastKnownFileType = sourcecode.swift; name = MenuCoordinator.swift; path = Coordinators/MenuCoordinator.swift; sourceTree = "<group>"; };
		FA8A2EF01DA3AE3D00495AB2 /* WebVC.swift */ = {isa = PBXFileReference; fileEncoding = 4; lastKnownFileType = sourcecode.swift; lineEnding = 0; path = WebVC.swift; sourceTree = "<group>"; xcLanguageSpecificationIdentifier = xcode.lang.swift; };
		FA8A2EF21DA3AE3D00495AB2 /* Localize.swift */ = {isa = PBXFileReference; fileEncoding = 4; lastKnownFileType = sourcecode.swift; path = Localize.swift; sourceTree = "<group>"; };
		FA8A2EF31DA3AE3D00495AB2 /* Log.swift */ = {isa = PBXFileReference; fileEncoding = 4; lastKnownFileType = sourcecode.swift; path = Log.swift; sourceTree = "<group>"; };
		FA8A2EF41DA3AE3D00495AB2 /* BundleExtension.swift */ = {isa = PBXFileReference; fileEncoding = 4; lastKnownFileType = sourcecode.swift; path = BundleExtension.swift; sourceTree = "<group>"; };
		FA8A2EF51DA3AE3D00495AB2 /* NSError+Extension.swift */ = {isa = PBXFileReference; fileEncoding = 4; lastKnownFileType = sourcecode.swift; lineEnding = 0; path = "NSError+Extension.swift"; sourceTree = "<group>"; xcLanguageSpecificationIdentifier = xcode.lang.swift; };
		FA8A2EF71DA3AE3D00495AB2 /* Storyboard+Extension.swift */ = {isa = PBXFileReference; fileEncoding = 4; lastKnownFileType = sourcecode.swift; lineEnding = 0; path = "Storyboard+Extension.swift"; sourceTree = "<group>"; xcLanguageSpecificationIdentifier = xcode.lang.swift; };
		FA8A2EFF1DA3AE3D00495AB2 /* ContentListService.swift */ = {isa = PBXFileReference; fileEncoding = 4; lastKnownFileType = sourcecode.swift; lineEnding = 0; path = ContentListService.swift; sourceTree = "<group>"; xcLanguageSpecificationIdentifier = xcode.lang.swift; };
		FA8A2F001DA3AE3D00495AB2 /* Info.plist */ = {isa = PBXFileReference; fileEncoding = 4; lastKnownFileType = text.plist.xml; path = Info.plist; sourceTree = "<group>"; };
		FA8A2F021DA3AE3D00495AB2 /* PushInteractor.swift */ = {isa = PBXFileReference; fileEncoding = 4; lastKnownFileType = sourcecode.swift; path = PushInteractor.swift; sourceTree = "<group>"; };
		FA8A2F041DA3AE3D00495AB2 /* ContentListInteractor.swift */ = {isa = PBXFileReference; fileEncoding = 4; lastKnownFileType = sourcecode.swift; lineEnding = 0; path = ContentListInteractor.swift; sourceTree = "<group>"; xcLanguageSpecificationIdentifier = xcode.lang.swift; };
		FA8A2F071DA3AE3D00495AB2 /* Action.swift */ = {isa = PBXFileReference; fileEncoding = 4; lastKnownFileType = sourcecode.swift; path = Action.swift; sourceTree = "<group>"; };
		FA8A2F081DA3AE3D00495AB2 /* ActionBanner.swift */ = {isa = PBXFileReference; fileEncoding = 4; lastKnownFileType = sourcecode.swift; path = ActionBanner.swift; sourceTree = "<group>"; };
		FA8A2F0B1DA3AE3D00495AB2 /* ActionCustomScheme.swift */ = {isa = PBXFileReference; fileEncoding = 4; lastKnownFileType = sourcecode.swift; path = ActionCustomScheme.swift; sourceTree = "<group>"; };
		FA8A2F0C1DA3AE3D00495AB2 /* ActionWebview.swift */ = {isa = PBXFileReference; fileEncoding = 4; lastKnownFileType = sourcecode.swift; path = ActionWebview.swift; sourceTree = "<group>"; };
		FA8A2F0D1DA3AE3D00495AB2 /* Media.swift */ = {isa = PBXFileReference; fileEncoding = 4; lastKnownFileType = sourcecode.swift; path = Media.swift; sourceTree = "<group>"; };
		FA8A2F0E1DA3AE3D00495AB2 /* Storage.swift */ = {isa = PBXFileReference; fileEncoding = 4; lastKnownFileType = sourcecode.swift; lineEnding = 0; path = Storage.swift; sourceTree = "<group>"; xcLanguageSpecificationIdentifier = xcode.lang.swift; };
		FA8A2F0F1DA3AE3D00495AB2 /* Content.swift */ = {isa = PBXFileReference; fileEncoding = 4; lastKnownFileType = sourcecode.swift; lineEnding = 0; path = Content.swift; sourceTree = "<group>"; xcLanguageSpecificationIdentifier = xcode.lang.swift; };
		FA8A2F101DA3AE3D00495AB2 /* OCM.h */ = {isa = PBXFileReference; fileEncoding = 4; lastKnownFileType = sourcecode.c.h; path = OCM.h; sourceTree = "<group>"; };
		FA8A2F111DA3AE3D00495AB2 /* OCM.swift */ = {isa = PBXFileReference; fileEncoding = 4; lastKnownFileType = sourcecode.swift; lineEnding = 0; path = OCM.swift; sourceTree = "<group>"; xcLanguageSpecificationIdentifier = xcode.lang.swift; };
		FA8A2F141DA3AE3D00495AB2 /* Assets.xcassets */ = {isa = PBXFileReference; lastKnownFileType = folder.assetcatalog; path = Assets.xcassets; sourceTree = "<group>"; };
		FA8A2F171DA3AE3D00495AB2 /* en */ = {isa = PBXFileReference; lastKnownFileType = text.plist.strings; name = en; path = en.lproj/Localizable.strings; sourceTree = "<group>"; };
		FA8A2F181DA3AE3D00495AB2 /* es */ = {isa = PBXFileReference; lastKnownFileType = text.plist.strings; name = es; path = es.lproj/Localizable.strings; sourceTree = "<group>"; };
		FA8A2F191DA3AE3D00495AB2 /* LocalizableConstants.swift */ = {isa = PBXFileReference; fileEncoding = 4; lastKnownFileType = sourcecode.swift; path = LocalizableConstants.swift; sourceTree = "<group>"; };
		FA8A2F1C1DA3AE3D00495AB2 /* Locfile */ = {isa = PBXFileReference; fileEncoding = 4; lastKnownFileType = text; name = Locfile; path = ../Locfile; sourceTree = "<group>"; };
		FA8F9E261CAC208D00CD359E /* OCMSDK.framework */ = {isa = PBXFileReference; explicitFileType = wrapper.framework; includeInIndex = 0; path = OCMSDK.framework; sourceTree = BUILT_PRODUCTS_DIR; };
		FA8F9E301CAC208D00CD359E /* OCMTests.xctest */ = {isa = PBXFileReference; explicitFileType = wrapper.cfbundle; includeInIndex = 0; path = OCMTests.xctest; sourceTree = BUILT_PRODUCTS_DIR; };
		FAB060591DAD0860002C2270 /* ActionInteractor.swift */ = {isa = PBXFileReference; fileEncoding = 4; lastKnownFileType = sourcecode.swift; path = ActionInteractor.swift; sourceTree = "<group>"; };
		FAB0605B1DAD2A12002C2270 /* ActionDataManager.swift */ = {isa = PBXFileReference; fileEncoding = 4; lastKnownFileType = sourcecode.swift; path = ActionDataManager.swift; sourceTree = "<group>"; };
		FABD88231DA3D06F002F40A9 /* Info.plist */ = {isa = PBXFileReference; fileEncoding = 4; lastKnownFileType = text.plist.xml; path = Info.plist; sourceTree = "<group>"; };
		FABD882E1DA3D12C002F40A9 /* Section.swift */ = {isa = PBXFileReference; fileEncoding = 4; lastKnownFileType = sourcecode.swift; path = Section.swift; sourceTree = "<group>"; };
		FAE9E0301DE30FF7001CCF81 /* el */ = {isa = PBXFileReference; lastKnownFileType = text.plist.strings; name = el; path = el.lproj/Localizable.strings; sourceTree = "<group>"; };
		FAE9E0311DE311CC001CCF81 /* hu */ = {isa = PBXFileReference; lastKnownFileType = text.plist.strings; name = hu; path = hu.lproj/Localizable.strings; sourceTree = "<group>"; };
		FAE9E0321DE311D3001CCF81 /* it */ = {isa = PBXFileReference; lastKnownFileType = text.plist.strings; name = it; path = it.lproj/Localizable.strings; sourceTree = "<group>"; };
		FAE9E0331DE311E1001CCF81 /* ro */ = {isa = PBXFileReference; lastKnownFileType = text.plist.strings; name = ro; path = ro.lproj/Localizable.strings; sourceTree = "<group>"; };
		FAE9E0341DE311F0001CCF81 /* pl */ = {isa = PBXFileReference; lastKnownFileType = text.plist.strings; name = pl; path = pl.lproj/Localizable.strings; sourceTree = "<group>"; };
		FAF294DB1DB0E7A5006E2CA3 /* Orchextra.framework */ = {isa = PBXFileReference; lastKnownFileType = wrapper.framework; name = Orchextra.framework; path = Carthage/Build/iOS/Orchextra.framework; sourceTree = "<group>"; };
		FAF930C31DAF9286009A3E50 /* ActionType.swift */ = {isa = PBXFileReference; fileEncoding = 4; lastKnownFileType = sourcecode.swift; name = ActionType.swift; path = Constants/ActionType.swift; sourceTree = "<group>"; };
		FAF930C61DAF9DF5009A3E50 /* ErrorConstants.swift */ = {isa = PBXFileReference; fileEncoding = 4; lastKnownFileType = sourcecode.swift; name = ErrorConstants.swift; path = Constants/ErrorConstants.swift; sourceTree = "<group>"; };
/* End PBXFileReference section */

/* Begin PBXFrameworksBuildPhase section */
		FA159F731CAC3CE5001367D1 /* Frameworks */ = {
			isa = PBXFrameworksBuildPhase;
			buildActionMask = 2147483647;
			files = (
				FA37B90F1CBBA62600891551 /* GIGLibrary.framework in Frameworks */,
				A569E1FC1DDF15E20042316C /* YouTubeiOSPlayerHelper.framework in Frameworks */,
				FA159F881CAC3DC0001367D1 /* OCMSDK.framework in Frameworks */,
				FAF294DE1DB0EB5A006E2CA3 /* Orchextra.framework in Frameworks */,
			);
			runOnlyForDeploymentPostprocessing = 0;
		};
		FA8F9E221CAC208D00CD359E /* Frameworks */ = {
			isa = PBXFrameworksBuildPhase;
			buildActionMask = 2147483647;
			files = (
				A9B2E91B1DD095CD00C4B69A /* SafariServices.framework in Frameworks */,
				A9B2E9191DD095C600C4B69A /* WebKit.framework in Frameworks */,
				A9B2E9171DD095BF00C4B69A /* PassKit.framework in Frameworks */,
				A9B2E9151DD095B800C4B69A /* AVFoundation.framework in Frameworks */,
				A9B2E9131DD0959600C4B69A /* AdSupport.framework in Frameworks */,
				A9B2E9111DD0959200C4B69A /* CoreLocation.framework in Frameworks */,
				A91294431DCB5A6200B6D55B /* CoreMedia.framework in Frameworks */,
				A91294411DCB5A5900B6D55B /* CoreMotion.framework in Frameworks */,
				A912943F1DCB5A5000B6D55B /* SystemConfiguration.framework in Frameworks */,
				FA37B90C1CBBA5B500891551 /* GIGLibrary.framework in Frameworks */,
				FAF294DC1DB0E7A5006E2CA3 /* Orchextra.framework in Frameworks */,
				A912943D1DCB5A1E00B6D55B /* VuforiaOrchextra.framework in Frameworks */,
				A569E1FA1DDF13D70042316C /* YouTubeiOSPlayerHelper.framework in Frameworks */,
			);
			runOnlyForDeploymentPostprocessing = 0;
		};
		FA8F9E2D1CAC208D00CD359E /* Frameworks */ = {
			isa = PBXFrameworksBuildPhase;
			buildActionMask = 2147483647;
			files = (
				FA48DE4D1DB104740035A885 /* Orchextra.framework in Frameworks */,
				FA3022061CBD62AA00A8F7DE /* GIGLibrary.framework in Frameworks */,
				FA8F9E311CAC208D00CD359E /* OCMSDK.framework in Frameworks */,
			);
			runOnlyForDeploymentPostprocessing = 0;
		};
/* End PBXFrameworksBuildPhase section */

/* Begin PBXGroup section */
		8FD1D7751DD21CFC00D5E0E2 /* Video */ = {
			isa = PBXGroup;
			children = (
				8FD1D7771DD223EA00D5E0E2 /* YoutubeWebVC.swift */,
				8FD1D7791DD2284D00D5E0E2 /* YoutubeWebPresenter.swift */,
				8FD1D77B1DD22CE700D5E0E2 /* YoutubeWebInteractor.swift */,
				A93CA23C1DDC7AD7006A118F /* YoutubeView.swift */,
				A569E1FD1DDF26A60042316C /* YoutubeVC.swift */,
				A5028CAB1DE34F6000B382E0 /* YoutubeVC.xib */,
			);
			path = Video;
			sourceTree = "<group>";
		};
		A583DB641DD5C7E400A22445 /* Preview */ = {
			isa = PBXGroup;
			children = (
				A583DB651DD5C7E400A22445 /* Preview.swift */,
				A583DB671DD5C80000A22445 /* PreviewImageText.swift */,
			);
			path = Preview;
			sourceTree = "<group>";
		};
		A5AB22B71DC33E5D00D1785B /* Fonts */ = {
			isa = PBXGroup;
			children = (
				A5AB22B81DC33E5D00D1785B /* gotham-book.ttf */,
				A5AB22B91DC33E5D00D1785B /* gotham-light.ttf */,
				A5AB22BA1DC33E5D00D1785B /* gotham-medium.ttf */,
				A5AB22BB1DC33E5D00D1785B /* gotham-ultra.ttf */,
			);
			path = Fonts;
			sourceTree = "<group>";
		};
		A5B5192A1DC0A70C00678A16 /* Base */ = {
			isa = PBXGroup;
			children = (
				A5B5192B1DC0A73D00678A16 /* OrchextraViewController.swift */,
			);
			path = Base;
			sourceTree = "<group>";
		};
		A5EE889E1DDB0DAA000AAEE1 /* Sections */ = {
			isa = PBXGroup;
			children = (
				A5EE889F1DDB0DAA000AAEE1 /* Search */,
			);
			path = Sections;
			sourceTree = "<group>";
		};
		A5EE889F1DDB0DAA000AAEE1 /* Search */ = {
			isa = PBXGroup;
			children = (
				A5EE88A01DDB0DCA000AAEE1 /* SearchVC.swift */,
			);
			path = Search;
			sourceTree = "<group>";
		};
		A9086BB31E01533600D09728 /* Preview Interaction */ = {
			isa = PBXGroup;
			children = (
				A9086BB41E01533600D09728 /* PreviewInteractionController.swift */,
				A9086BB51E01533600D09728 /* Swipe.swift */,
				A9086BB61E01533600D09728 /* Tap.swift */,
			);
			path = "Preview Interaction";
			sourceTree = "<group>";
		};
		A9086BB71E01533600D09728 /* ZoomTransitioning */ = {
			isa = PBXGroup;
			children = (
				A9086BB81E01533600D09728 /* Transition */,
			);
			path = ZoomTransitioning;
			sourceTree = "<group>";
		};
		A9086BB81E01533600D09728 /* Transition */ = {
			isa = PBXGroup;
			children = (
				A9086BB91E01533600D09728 /* ImageTransition.swift */,
				A9086BBA1E01533600D09728 /* ImageTransitionNavigationController.swift */,
				A9086BBB1E01533600D09728 /* ModalImageTransitionViewController.swift */,
				A9086BBC1E01533600D09728 /* TransitionAnimator.swift */,
			);
			path = Transition;
			sourceTree = "<group>";
		};
		A920DC3A1DBFAE8100AEF6F5 /* MainContent */ = {
			isa = PBXGroup;
			children = (
				A920DC3B1DBFAE8100AEF6F5 /* MainContent.storyboard */,
				A920DC3C1DBFAE8100AEF6F5 /* MainContentViewController.swift */,
				A920DC3D1DBFAE8100AEF6F5 /* MainPresenter.swift */,
			);
			path = MainContent;
			sourceTree = "<group>";
		};
		A920DC411DBFAE8A00AEF6F5 /* Preview */ = {
			isa = PBXGroup;
			children = (
				A920DC431DBFAE8A00AEF6F5 /* PreviewPresenter.swift */,
				A920DC441DBFAE8A00AEF6F5 /* PreviewViewController.swift */,
				A556CB2A1DD0F00A002548AA /* PreviewImageTextView.xib */,
				A556CB2C1DD0F01C002548AA /* PreviewImageTextView.swift */,
			);
			path = Preview;
			sourceTree = "<group>";
		};
		A9B1C5B11DB8C5DF0075E43E /* Sections */ = {
			isa = PBXGroup;
			children = (
				8FD1D7751DD21CFC00D5E0E2 /* Video */,
				A920DC411DBFAE8A00AEF6F5 /* Preview */,
				A920DC3A1DBFAE8100AEF6F5 /* MainContent */,
				A9B1C5C31DB8C5DF0075E43E /* OCM.storyboard */,
				A9B1C5C41DB8C5DF0075E43E /* Wireframe.swift */,
				A9B1C5B61DB8C5DF0075E43E /* ContentList */,
				A9B1C5B21DB8C5DF0075E43E /* Article */,
			);
			name = Sections;
			path = Config/Sections;
			sourceTree = "<group>";
		};
		A9B1C5B21DB8C5DF0075E43E /* Article */ = {
			isa = PBXGroup;
			children = (
				A9B1C5B41DB8C5DF0075E43E /* ArticlePresenter.swift */,
				A9B1C5B51DB8C5DF0075E43E /* ArticleViewController.swift */,
			);
			path = Article;
			sourceTree = "<group>";
		};
		A9B1C5B61DB8C5DF0075E43E /* ContentList */ = {
			isa = PBXGroup;
			children = (
				A9B1C5B71DB8C5DF0075E43E /* ContentCell.swift */,
				A9B1C5B81DB8C5DF0075E43E /* ContentListPresenter.swift */,
				A9B1C5B91DB8C5DF0075E43E /* ContentListVC.swift */,
				A9B1C5BA1DB8C5DF0075E43E /* Layouts */,
			);
			path = ContentList;
			sourceTree = "<group>";
		};
		A9B1C5BA1DB8C5DF0075E43E /* Layouts */ = {
			isa = PBXGroup;
			children = (
				A9B1C5BB1DB8C5DF0075E43E /* Carousel */,
				A9B1C5BE1DB8C5DF0075E43E /* LayoutDelegate.swift */,
				A9B1C5BF1DB8C5DF0075E43E /* LayoutFactory.swift */,
				A9B1C5C01DB8C5DF0075E43E /* Mosaic */,
			);
			path = Layouts;
			sourceTree = "<group>";
		};
		A9B1C5BB1DB8C5DF0075E43E /* Carousel */ = {
			isa = PBXGroup;
			children = (
				A9B1C5BC1DB8C5DF0075E43E /* CarouselFlowLayout.swift */,
				A9B1C5BD1DB8C5DF0075E43E /* CarouselLayout.swift */,
			);
			path = Carousel;
			sourceTree = "<group>";
		};
		A9B1C5C01DB8C5DF0075E43E /* Mosaic */ = {
			isa = PBXGroup;
			children = (
				A9B1C5C11DB8C5DF0075E43E /* MosaicFlowLayout.swift */,
				A9B1C5C21DB8C5DF0075E43E /* MosaicLayout.swift */,
			);
			path = Mosaic;
			sourceTree = "<group>";
		};
		A9B1C5D31DB8C61F0075E43E /* Animator */ = {
			isa = PBXGroup;
			children = (
				A9086BB31E01533600D09728 /* Preview Interaction */,
				A9086BB71E01533600D09728 /* ZoomTransitioning */,
			);
			path = Animator;
			sourceTree = "<group>";
		};
		A9B1C5D61DB8C6410075E43E /* Article */ = {
			isa = PBXGroup;
			children = (
				A9B1C5D71DB8C6410075E43E /* Article.swift */,
				A9B1C5D81DB8C6410075E43E /* ArticleElement.swift */,
				A9B1C5D91DB8C6410075E43E /* Element.swift */,
				A9B1C5DA1DB8C6410075E43E /* Elements */,
			);
			path = Article;
			sourceTree = "<group>";
		};
		A9B1C5DA1DB8C6410075E43E /* Elements */ = {
			isa = PBXGroup;
			children = (
				A9B1C5DB1DB8C6410075E43E /* ElementImage.swift */,
				A9B1C5DC1DB8C6410075E43E /* ElementRichText.swift */,
				A9B1C5DD1DB8C6410075E43E /* ElementVideo.swift */,
				A91C8D221DD9B2910086937A /* ElementHeader.swift */,
			);
			path = Elements;
			sourceTree = "<group>";
		};
		FA0048731DF1BED100296939 /* System */ = {
			isa = PBXGroup;
			children = (
				A9B2E91A1DD095CD00C4B69A /* SafariServices.framework */,
				A9B2E9181DD095C600C4B69A /* WebKit.framework */,
				A9B2E9161DD095BF00C4B69A /* PassKit.framework */,
				A9B2E9141DD095B800C4B69A /* AVFoundation.framework */,
				A9B2E9121DD0959600C4B69A /* AdSupport.framework */,
				A9B2E9101DD0959200C4B69A /* CoreLocation.framework */,
				A91294421DCB5A6200B6D55B /* CoreMedia.framework */,
				A91294401DCB5A5900B6D55B /* CoreMotion.framework */,
				A912943E1DCB5A5000B6D55B /* SystemConfiguration.framework */,
			);
			name = System;
			sourceTree = "<group>";
		};
		FA159F771CAC3CE5001367D1 /* DemoApp */ = {
			isa = PBXGroup;
			children = (
				A5EE889E1DDB0DAA000AAEE1 /* Sections */,
				FA159F781CAC3CE5001367D1 /* AppDelegate.swift */,
				FA159F7A1CAC3CE5001367D1 /* ViewController.swift */,
				FA159F7C1CAC3CE5001367D1 /* Main.storyboard */,
				FA159F7F1CAC3CE5001367D1 /* Assets.xcassets */,
				FA159F811CAC3CE5001367D1 /* LaunchScreen.storyboard */,
				FA159F841CAC3CE5001367D1 /* Info.plist */,
			);
			path = DemoApp;
			sourceTree = "<group>";
		};
		FA37B9081CBBA42000891551 /* Frameworks */ = {
			isa = PBXGroup;
			children = (
				FA37B9091CBBA44800891551 /* Cartfile */,
				FABD88321DA3DFFD002F40A9 /* Internal */,
				FABD88311DA3DFF7002F40A9 /* External */,
				FA0048731DF1BED100296939 /* System */,
			);
			name = Frameworks;
			sourceTree = "<group>";
		};
		FA39D8641DAFF33D002FC3E5 /* Config */ = {
			isa = PBXGroup;
			children = (
				FA39D8671DAFF36B002FC3E5 /* OCMPalette.swift */,
				FA39D8681DAFF36B002FC3E5 /* Config.swift */,
				FA39D8651DAFF359002FC3E5 /* Session.swift */,
			);
			name = Config;
			sourceTree = "<group>";
		};
		FA39D86B1DAFF4F6002FC3E5 /* Wrappers */ = {
			isa = PBXGroup;
			children = (
				FA39D86C1DAFF520002FC3E5 /* OrchextraWrapper.swift */,
				8F253A861DE4752E0003A89F /* UrlSizedComposserWrapper.swift */,
			);
			name = Wrappers;
			sourceTree = "<group>";
		};
		FA48DE4F1DB105CD0035A885 /* Coordinator */ = {
			isa = PBXGroup;
			children = (
				FA48DE501DB105FB0035A885 /* MenuCoordinator.swift */,
			);
			name = Coordinator;
			sourceTree = "<group>";
		};
		FA8A2EEC1DA3AE3D00495AB2 /* OCM */ = {
			isa = PBXGroup;
			children = (
				FA8A2F111DA3AE3D00495AB2 /* OCM.swift */,
				A9B1C5B11DB8C5DF0075E43E /* Sections */,
				FA8A2EF81DA3AE3D00495AB2 /* Global */,
				FA8A2EED1DA3AE3D00495AB2 /* Common */,
				FA8A2F121DA3AE3D00495AB2 /* Resources */,
				FABD88301DA3DF7C002F40A9 /* Supporting Files */,
			);
			path = OCM;
			sourceTree = "<group>";
		};
		FA8A2EED1DA3AE3D00495AB2 /* Common */ = {
			isa = PBXGroup;
			children = (
				A5B5192A1DC0A70C00678A16 /* Base */,
				A9B1C5D31DB8C61F0075E43E /* Animator */,
				FA48DE4F1DB105CD0035A885 /* Coordinator */,
				FA8A2F051DA3AE3D00495AB2 /* Model */,
				FA8A2EFC1DA3AE3D00495AB2 /* Data */,
				FA8A2EEE1DA3AE3D00495AB2 /* Controllers */,
				FA39D86B1DAFF4F6002FC3E5 /* Wrappers */,
				FA8A2F011DA3AE3D00495AB2 /* Interactors */,
				FA8A2EF11DA3AE3D00495AB2 /* Support */,
			);
			path = Common;
			sourceTree = "<group>";
		};
		FA8A2EEE1DA3AE3D00495AB2 /* Controllers */ = {
			isa = PBXGroup;
			children = (
				FA8A2EEF1DA3AE3D00495AB2 /* Webview */,
			);
			name = Controllers;
			path = Components;
			sourceTree = "<group>";
		};
		FA8A2EEF1DA3AE3D00495AB2 /* Webview */ = {
			isa = PBXGroup;
			children = (
				FA8A2EF01DA3AE3D00495AB2 /* WebVC.swift */,
			);
			path = Webview;
			sourceTree = "<group>";
		};
		FA8A2EF11DA3AE3D00495AB2 /* Support */ = {
			isa = PBXGroup;
			children = (
				A5AC5DEB1DC361C60041DA2D /* Font+Load.swift */,
				FA8A2EF21DA3AE3D00495AB2 /* Localize.swift */,
				FA8A2EF31DA3AE3D00495AB2 /* Log.swift */,
				FA8A2EF41DA3AE3D00495AB2 /* BundleExtension.swift */,
				FA8A2EF51DA3AE3D00495AB2 /* NSError+Extension.swift */,
				FA8A2EF71DA3AE3D00495AB2 /* Storyboard+Extension.swift */,
				A5B519281DC0911000678A16 /* UIViewController+Extension.swift */,
			);
			name = Support;
			path = Utils;
			sourceTree = "<group>";
		};
		FA8A2EF81DA3AE3D00495AB2 /* Global */ = {
			isa = PBXGroup;
			children = (
				FA39D8641DAFF33D002FC3E5 /* Config */,
				FAF930C21DAF9265009A3E50 /* Constants */,
			);
			name = Global;
			path = Config;
			sourceTree = "<group>";
		};
		FA8A2EFC1DA3AE3D00495AB2 /* Data */ = {
			isa = PBXGroup;
			children = (
				FAB0605B1DAD2A12002C2270 /* ActionDataManager.swift */,
				FA8A2EFD1DA3AE3D00495AB2 /* Network */,
			);
			name = Data;
			path = ../Data;
			sourceTree = "<group>";
		};
		FA8A2EFD1DA3AE3D00495AB2 /* Network */ = {
			isa = PBXGroup;
			children = (
				FA3BA31A1DCB78E00004B8D9 /* Request.swift */,
				FA8A2EFF1DA3AE3D00495AB2 /* ContentListService.swift */,
				FA2C88071DAD3DEB0073DE2F /* MenuService.swift */,
			);
			path = Network;
			sourceTree = "<group>";
		};
		FA8A2F011DA3AE3D00495AB2 /* Interactors */ = {
			isa = PBXGroup;
			children = (
				FA8A2F021DA3AE3D00495AB2 /* PushInteractor.swift */,
				FA8A2F041DA3AE3D00495AB2 /* ContentListInteractor.swift */,
				FAB060591DAD0860002C2270 /* ActionInteractor.swift */,
				A9BC01B81DAF828700624ED5 /* MenuInteractor.swift */,
				FA39D8621DAFF316002FC3E5 /* SessionInteractor.swift */,
			);
			name = Interactors;
			path = ../Interactors;
			sourceTree = "<group>";
		};
		FA8A2F051DA3AE3D00495AB2 /* Model */ = {
			isa = PBXGroup;
			children = (
				A583DB641DD5C7E400A22445 /* Preview */,
				A9B1C5D61DB8C6410075E43E /* Article */,
				FA8A2F061DA3AE3D00495AB2 /* Actions */,
				FA8A2F0D1DA3AE3D00495AB2 /* Media.swift */,
				FA8A2F0E1DA3AE3D00495AB2 /* Storage.swift */,
				FA8A2F0F1DA3AE3D00495AB2 /* Content.swift */,
				FABD882E1DA3D12C002F40A9 /* Section.swift */,
				A5E1FFC01DAB9DBB0084E251 /* ContentList.swift */,
				A9BC01BA1DAF953800624ED5 /* Menu.swift */,
				A56BD87F1E01A13A00C63FA2 /* ShareInfo.swift */,
			);
			name = Model;
			path = ../Model;
			sourceTree = "<group>";
		};
		FA8A2F061DA3AE3D00495AB2 /* Actions */ = {
			isa = PBXGroup;
			children = (
				FA8A2F071DA3AE3D00495AB2 /* Action.swift */,
				A9B1C5E61DB8C6470075E43E /* ActionArticle.swift */,
				FA8A2F081DA3AE3D00495AB2 /* ActionBanner.swift */,
				A9C6A9261DC0CAF0005A12DA /* ActionBrowser.swift */,
				FA45FD721DA55E4C00EE081A /* ActionContent.swift */,
				FA8A2F0B1DA3AE3D00495AB2 /* ActionCustomScheme.swift */,
				A9B047301DCB263B00A0E914 /* ActionScanner.swift */,
				A912943A1DCB4ECC00B6D55B /* ActionVuforia.swift */,
				FA8A2F0C1DA3AE3D00495AB2 /* ActionWebview.swift */,
				8FD1D7731DD1FC6900D5E0E2 /* ActionYoutube.swift */,
			);
			path = Actions;
			sourceTree = "<group>";
		};
		FA8A2F121DA3AE3D00495AB2 /* Resources */ = {
			isa = PBXGroup;
			children = (
				FA8A2F141DA3AE3D00495AB2 /* Assets.xcassets */,
				A5AB22B71DC33E5D00D1785B /* Fonts */,
				FA8A2F151DA3AE3D00495AB2 /* Localizables */,
			);
			path = Resources;
			sourceTree = "<group>";
		};
		FA8A2F151DA3AE3D00495AB2 /* Localizables */ = {
			isa = PBXGroup;
			children = (
				FA8A2F1C1DA3AE3D00495AB2 /* Locfile */,
				FA8A2F161DA3AE3D00495AB2 /* Localizable.strings */,
				FA8A2F191DA3AE3D00495AB2 /* LocalizableConstants.swift */,
			);
			path = Localizables;
			sourceTree = "<group>";
		};
		FA8F9E1C1CAC208D00CD359E = {
			isa = PBXGroup;
			children = (
				FA8A2EEC1DA3AE3D00495AB2 /* OCM */,
				FABD88201DA3D06F002F40A9 /* OCMTests */,
				FA159F771CAC3CE5001367D1 /* DemoApp */,
				FA37B9081CBBA42000891551 /* Frameworks */,
				FA8F9E271CAC208D00CD359E /* Products */,
			);
			sourceTree = "<group>";
		};
		FA8F9E271CAC208D00CD359E /* Products */ = {
			isa = PBXGroup;
			children = (
				FA8F9E261CAC208D00CD359E /* OCMSDK.framework */,
				FA8F9E301CAC208D00CD359E /* OCMTests.xctest */,
				FA159F761CAC3CE5001367D1 /* OCMDemo.app */,
			);
			name = Products;
			sourceTree = "<group>";
		};
		FABD88201DA3D06F002F40A9 /* OCMTests */ = {
			isa = PBXGroup;
			children = (
				FABD88231DA3D06F002F40A9 /* Info.plist */,
			);
			path = OCMTests;
			sourceTree = "<group>";
		};
		FABD88301DA3DF7C002F40A9 /* Supporting Files */ = {
			isa = PBXGroup;
			children = (
				FA8A2F101DA3AE3D00495AB2 /* OCM.h */,
				A912944A1DCB5E5400B6D55B /* OCM-Bridging-Header.h */,
				FA8A2F001DA3AE3D00495AB2 /* Info.plist */,
			);
			name = "Supporting Files";
			sourceTree = "<group>";
		};
		FABD88311DA3DFF7002F40A9 /* External */ = {
			isa = PBXGroup;
			children = (
				A569E1F91DDF13D70042316C /* YouTubeiOSPlayerHelper.framework */,
			);
			name = External;
			sourceTree = "<group>";
		};
		FABD88321DA3DFFD002F40A9 /* Internal */ = {
			isa = PBXGroup;
			children = (
				A9B2E90E1DD07C0000C4B69A /* Orchextra.bundle */,
				A912943C1DCB5A1E00B6D55B /* VuforiaOrchextra.framework */,
				FAF294DB1DB0E7A5006E2CA3 /* Orchextra.framework */,
				FA37B90B1CBBA5B500891551 /* GIGLibrary.framework */,
			);
			name = Internal;
			sourceTree = "<group>";
		};
		FAF930C21DAF9265009A3E50 /* Constants */ = {
			isa = PBXGroup;
			children = (
				FAF930C31DAF9286009A3E50 /* ActionType.swift */,
				FAF930C61DAF9DF5009A3E50 /* ErrorConstants.swift */,
				A54EACE21DBF5A39003FAE4B /* ImageConstants.swift */,
				022786531E28DE1600237CA7 /* AnalyticConstants.swift */,
			);
			name = Constants;
			sourceTree = "<group>";
		};
/* End PBXGroup section */

/* Begin PBXHeadersBuildPhase section */
		FA8F9E231CAC208D00CD359E /* Headers */ = {
			isa = PBXHeadersBuildPhase;
			buildActionMask = 2147483647;
			files = (
				FA8A2F3C1DA3AE3D00495AB2 /* OCM.h in Headers */,
				A912944B1DCB5E5400B6D55B /* OCM-Bridging-Header.h in Headers */,
			);
			runOnlyForDeploymentPostprocessing = 0;
		};
/* End PBXHeadersBuildPhase section */

/* Begin PBXNativeTarget section */
		FA159F751CAC3CE5001367D1 /* OCMDemo */ = {
			isa = PBXNativeTarget;
			buildConfigurationList = FA159F851CAC3CE5001367D1 /* Build configuration list for PBXNativeTarget "OCMDemo" */;
			buildPhases = (
				FA159F721CAC3CE5001367D1 /* Sources */,
				FA159F731CAC3CE5001367D1 /* Frameworks */,
				FA159F741CAC3CE5001367D1 /* Resources */,
				FA159F8C1CAC3DC0001367D1 /* Embed Frameworks */,
			);
			buildRules = (
			);
			dependencies = (
				FA159F8B1CAC3DC0001367D1 /* PBXTargetDependency */,
			);
			name = OCMDemo;
			productName = DemoApp;
			productReference = FA159F761CAC3CE5001367D1 /* OCMDemo.app */;
			productType = "com.apple.product-type.application";
		};
		FA8F9E251CAC208D00CD359E /* OCM */ = {
			isa = PBXNativeTarget;
			buildConfigurationList = FA8F9E3A1CAC208D00CD359E /* Build configuration list for PBXNativeTarget "OCM" */;
			buildPhases = (
				FA8F9E211CAC208D00CD359E /* Sources */,
				FAF930C51DAF9ACB009A3E50 /* SwiftLint */,
				FA8F9E221CAC208D00CD359E /* Frameworks */,
				FA8F9E231CAC208D00CD359E /* Headers */,
				FA8F9E241CAC208D00CD359E /* Resources */,
			);
			buildRules = (
			);
			dependencies = (
			);
			name = OCM;
			productName = Zeus;
			productReference = FA8F9E261CAC208D00CD359E /* OCMSDK.framework */;
			productType = "com.apple.product-type.framework";
		};
		FA8F9E2F1CAC208D00CD359E /* OCMTests */ = {
			isa = PBXNativeTarget;
			buildConfigurationList = FA8F9E3D1CAC208D00CD359E /* Build configuration list for PBXNativeTarget "OCMTests" */;
			buildPhases = (
				FA8F9E2C1CAC208D00CD359E /* Sources */,
				FA8F9E2D1CAC208D00CD359E /* Frameworks */,
				FA8F9E2E1CAC208D00CD359E /* Resources */,
				FA6694AA1CB24DF600039412 /* CopyFiles */,
			);
			buildRules = (
			);
			dependencies = (
				FA8F9E331CAC208D00CD359E /* PBXTargetDependency */,
			);
			name = OCMTests;
			productName = ZeusTests;
			productReference = FA8F9E301CAC208D00CD359E /* OCMTests.xctest */;
			productType = "com.apple.product-type.bundle.unit-test";
		};
/* End PBXNativeTarget section */

/* Begin PBXProject section */
		FA8F9E1D1CAC208D00CD359E /* Project object */ = {
			isa = PBXProject;
			attributes = {
				LastSwiftUpdateCheck = 0730;
				LastUpgradeCheck = 0800;
				ORGANIZATIONNAME = "Gigigo SL";
				TargetAttributes = {
					FA159F751CAC3CE5001367D1 = {
						CreatedOnToolsVersion = 7.3;
						DevelopmentTeam = SU5BA5HAQK;
						LastSwiftMigration = 0800;
					};
					FA8F9E251CAC208D00CD359E = {
						CreatedOnToolsVersion = 7.3;
						LastSwiftMigration = 0810;
					};
					FA8F9E2F1CAC208D00CD359E = {
						CreatedOnToolsVersion = 7.3;
						LastSwiftMigration = 0800;
					};
				};
			};
			buildConfigurationList = FA8F9E201CAC208D00CD359E /* Build configuration list for PBXProject "OCM" */;
			compatibilityVersion = "Xcode 3.2";
			developmentRegion = English;
			hasScannedForEncodings = 0;
			knownRegions = (
				en,
				Base,
				es,
				"pt-br",
				el,
				hu,
				it,
				ro,
				pl,
			);
			mainGroup = FA8F9E1C1CAC208D00CD359E;
			productRefGroup = FA8F9E271CAC208D00CD359E /* Products */;
			projectDirPath = "";
			projectRoot = "";
			targets = (
				FA8F9E251CAC208D00CD359E /* OCM */,
				FA8F9E2F1CAC208D00CD359E /* OCMTests */,
				FA159F751CAC3CE5001367D1 /* OCMDemo */,
			);
		};
/* End PBXProject section */

/* Begin PBXResourcesBuildPhase section */
		FA159F741CAC3CE5001367D1 /* Resources */ = {
			isa = PBXResourcesBuildPhase;
			buildActionMask = 2147483647;
			files = (
				FA159F831CAC3CE5001367D1 /* LaunchScreen.storyboard in Resources */,
				FA159F801CAC3CE5001367D1 /* Assets.xcassets in Resources */,
				FA159F7E1CAC3CE5001367D1 /* Main.storyboard in Resources */,
			);
			runOnlyForDeploymentPostprocessing = 0;
		};
		FA8F9E241CAC208D00CD359E /* Resources */ = {
			isa = PBXResourcesBuildPhase;
			buildActionMask = 2147483647;
			files = (
				FA8A2F401DA3AE3D00495AB2 /* Localizable.strings in Resources */,
				A5AB22BF1DC33E5D00D1785B /* gotham-ultra.ttf in Resources */,
				FA8A2F421DA3AE3D00495AB2 /* Locfile in Resources */,
				FA8A2F3F1DA3AE3D00495AB2 /* Assets.xcassets in Resources */,
				A5028CAC1DE34F6000B382E0 /* YoutubeVC.xib in Resources */,
				A9B2E90F1DD07C0000C4B69A /* Orchextra.bundle in Resources */,
				A556CB2B1DD0F00A002548AA /* PreviewImageTextView.xib in Resources */,
				A5AB22BE1DC33E5D00D1785B /* gotham-medium.ttf in Resources */,
				A5AB22BC1DC33E5D00D1785B /* gotham-book.ttf in Resources */,
				A9B1C5D11DB8C5DF0075E43E /* OCM.storyboard in Resources */,
				FA37B90A1CBBA44800891551 /* Cartfile in Resources */,
				A920DC3E1DBFAE8100AEF6F5 /* MainContent.storyboard in Resources */,
				A5AB22BD1DC33E5D00D1785B /* gotham-light.ttf in Resources */,
			);
			runOnlyForDeploymentPostprocessing = 0;
		};
		FA8F9E2E1CAC208D00CD359E /* Resources */ = {
			isa = PBXResourcesBuildPhase;
			buildActionMask = 2147483647;
			files = (
			);
			runOnlyForDeploymentPostprocessing = 0;
		};
/* End PBXResourcesBuildPhase section */

/* Begin PBXShellScriptBuildPhase section */
		FAF930C51DAF9ACB009A3E50 /* SwiftLint */ = {
			isa = PBXShellScriptBuildPhase;
			buildActionMask = 2147483647;
			files = (
			);
			inputPaths = (
			);
			name = SwiftLint;
			outputPaths = (
			);
			runOnlyForDeploymentPostprocessing = 0;
			shellPath = /bin/sh;
			shellScript = "export PATH=\"/usr/local/bin:$PATH\"\nif which swiftlint >/dev/null; then\n    swiftlint\nelse\n    echo \"warning: SwiftLint not installed, download from https://github.com/realm/SwiftLint\"\nfi";
		};
/* End PBXShellScriptBuildPhase section */

/* Begin PBXSourcesBuildPhase section */
		FA159F721CAC3CE5001367D1 /* Sources */ = {
			isa = PBXSourcesBuildPhase;
			buildActionMask = 2147483647;
			files = (
				A5EE88A11DDB0DCA000AAEE1 /* SearchVC.swift in Sources */,
				FA159F7B1CAC3CE5001367D1 /* ViewController.swift in Sources */,
				FA159F791CAC3CE5001367D1 /* AppDelegate.swift in Sources */,
			);
			runOnlyForDeploymentPostprocessing = 0;
		};
		FA8F9E211CAC208D00CD359E /* Sources */ = {
			isa = PBXSourcesBuildPhase;
			buildActionMask = 2147483647;
			files = (
				A9B1C5DF1DB8C6410075E43E /* Article.swift in Sources */,
				A5AC5DEC1DC361C60041DA2D /* Font+Load.swift in Sources */,
				FA8A2F3A1DA3AE3D00495AB2 /* Storage.swift in Sources */,
				A920DC471DBFAE8A00AEF6F5 /* PreviewViewController.swift in Sources */,
				A5B519291DC0911000678A16 /* UIViewController+Extension.swift in Sources */,
				A9B1C5C81DB8C5DF0075E43E /* ContentCell.swift in Sources */,
				FAF930C71DAF9DF5009A3E50 /* ErrorConstants.swift in Sources */,
				FA3BA31B1DCB78E00004B8D9 /* Request.swift in Sources */,
				FA8A2F341DA3AE3D00495AB2 /* ActionBanner.swift in Sources */,
				8FD1D77C1DD22CE700D5E0E2 /* YoutubeWebInteractor.swift in Sources */,
				A9B1C5C91DB8C5DF0075E43E /* ContentListPresenter.swift in Sources */,
				A5B5192C1DC0A73D00678A16 /* OrchextraViewController.swift in Sources */,
				FA8A2F3D1DA3AE3D00495AB2 /* OCM.swift in Sources */,
				FA8A2F391DA3AE3D00495AB2 /* Media.swift in Sources */,
				8FD1D77A1DD2284D00D5E0E2 /* YoutubeWebPresenter.swift in Sources */,
				FA8A2F371DA3AE3D00495AB2 /* ActionCustomScheme.swift in Sources */,
				A9B1C5E01DB8C6410075E43E /* ArticleElement.swift in Sources */,
				FA39D8691DAFF36B002FC3E5 /* OCMPalette.swift in Sources */,
				A9086BBD1E01533600D09728 /* PreviewInteractionController.swift in Sources */,
				A556CB2D1DD0F01C002548AA /* PreviewImageTextView.swift in Sources */,
				A9B1C5CE1DB8C5DF0075E43E /* LayoutFactory.swift in Sources */,
				FA48DE511DB105FB0035A885 /* MenuCoordinator.swift in Sources */,
				A54EACE31DBF5A39003FAE4B /* ImageConstants.swift in Sources */,
				A9B1C5CC1DB8C5DF0075E43E /* CarouselLayout.swift in Sources */,
				A9B1C5E41DB8C6410075E43E /* ElementVideo.swift in Sources */,
				A920DC401DBFAE8100AEF6F5 /* MainPresenter.swift in Sources */,
				FA8A2F251DA3AE3D00495AB2 /* Localize.swift in Sources */,
				FA45FD731DA55E4C00EE081A /* ActionContent.swift in Sources */,
				FAB0605C1DAD2A12002C2270 /* ActionDataManager.swift in Sources */,
				FA94DC081DAFF951009FDFE3 /* Config.swift in Sources */,
				FA8A2F241DA3AE3D00495AB2 /* WebVC.swift in Sources */,
				A9BC01B91DAF828700624ED5 /* MenuInteractor.swift in Sources */,
				A9B1C5E11DB8C6410075E43E /* Element.swift in Sources */,
				FA39D8661DAFF359002FC3E5 /* Session.swift in Sources */,
				A91C8D231DD9B2910086937A /* ElementHeader.swift in Sources */,
				A93CA23D1DDC7AD7006A118F /* YoutubeView.swift in Sources */,
				A9086BBE1E01533600D09728 /* Swipe.swift in Sources */,
				A9086BC11E01533600D09728 /* ImageTransitionNavigationController.swift in Sources */,
				FA8A2F381DA3AE3D00495AB2 /* ActionWebview.swift in Sources */,
				A9B1C5D21DB8C5DF0075E43E /* Wireframe.swift in Sources */,
				A9B1C5C71DB8C5DF0075E43E /* ArticleViewController.swift in Sources */,
				A920DC461DBFAE8A00AEF6F5 /* PreviewPresenter.swift in Sources */,
				A9086BBF1E01533600D09728 /* Tap.swift in Sources */,
				FA39D8631DAFF316002FC3E5 /* SessionInteractor.swift in Sources */,
				8F253A871DE4752E0003A89F /* UrlSizedComposserWrapper.swift in Sources */,
				A583DB681DD5C80000A22445 /* PreviewImageText.swift in Sources */,
				FAF930C41DAF9286009A3E50 /* ActionType.swift in Sources */,
				A9086BC01E01533600D09728 /* ImageTransition.swift in Sources */,
				A920DC3F1DBFAE8100AEF6F5 /* MainContentViewController.swift in Sources */,
				FA2C88081DAD3DEB0073DE2F /* MenuService.swift in Sources */,
				FA8A2F2A1DA3AE3D00495AB2 /* Storyboard+Extension.swift in Sources */,
				A9B1C5CA1DB8C5DF0075E43E /* ContentListVC.swift in Sources */,
				FAB0605A1DAD0860002C2270 /* ActionInteractor.swift in Sources */,
				A9B1C5CD1DB8C5DF0075E43E /* LayoutDelegate.swift in Sources */,
				A9B1C5E21DB8C6410075E43E /* ElementImage.swift in Sources */,
				FA8A2F3B1DA3AE3D00495AB2 /* Content.swift in Sources */,
				A912943B1DCB4ECC00B6D55B /* ActionVuforia.swift in Sources */,
				A56BD8801E01A13A00C63FA2 /* ShareInfo.swift in Sources */,
				FA8A2F301DA3AE3D00495AB2 /* PushInteractor.swift in Sources */,
				A9B1C5E31DB8C6410075E43E /* ElementRichText.swift in Sources */,
				FA39D86D1DAFF520002FC3E5 /* OrchextraWrapper.swift in Sources */,
				A583DB661DD5C7E400A22445 /* Preview.swift in Sources */,
				A9C6A9271DC0CAF0005A12DA /* ActionBrowser.swift in Sources */,
				FABD882F1DA3D12C002F40A9 /* Section.swift in Sources */,
				A9B047311DCB263B00A0E914 /* ActionScanner.swift in Sources */,
				FA8A2F271DA3AE3D00495AB2 /* BundleExtension.swift in Sources */,
				A9B1C5CF1DB8C5DF0075E43E /* MosaicFlowLayout.swift in Sources */,
				A569E1FE1DDF26A60042316C /* YoutubeVC.swift in Sources */,
				A9086BC31E01533600D09728 /* TransitionAnimator.swift in Sources */,
				A9086BC21E01533600D09728 /* ModalImageTransitionViewController.swift in Sources */,
				FA8A2F281DA3AE3D00495AB2 /* NSError+Extension.swift in Sources */,
				A9B1C5CB1DB8C5DF0075E43E /* CarouselFlowLayout.swift in Sources */,
				FA8A2F261DA3AE3D00495AB2 /* Log.swift in Sources */,
				FA8A2F321DA3AE3D00495AB2 /* ContentListInteractor.swift in Sources */,
				A9B1C5C61DB8C5DF0075E43E /* ArticlePresenter.swift in Sources */,
				FA8A2F411DA3AE3D00495AB2 /* LocalizableConstants.swift in Sources */,
				A9B1C5D01DB8C5DF0075E43E /* MosaicLayout.swift in Sources */,
				FA8A2F331DA3AE3D00495AB2 /* Action.swift in Sources */,
				8FD1D7781DD223EA00D5E0E2 /* YoutubeWebVC.swift in Sources */,
				8FD1D7741DD1FC6900D5E0E2 /* ActionYoutube.swift in Sources */,
				022786541E28DE1600237CA7 /* AnalyticConstants.swift in Sources */,
				FA8A2F2E1DA3AE3D00495AB2 /* ContentListService.swift in Sources */,
				A9BC01BB1DAF953800624ED5 /* Menu.swift in Sources */,
				A5E1FFC11DAB9DBB0084E251 /* ContentList.swift in Sources */,
				A9B1C5E71DB8C6470075E43E /* ActionArticle.swift in Sources */,
			);
			runOnlyForDeploymentPostprocessing = 0;
		};
		FA8F9E2C1CAC208D00CD359E /* Sources */ = {
			isa = PBXSourcesBuildPhase;
			buildActionMask = 2147483647;
			files = (
			);
			runOnlyForDeploymentPostprocessing = 0;
		};
/* End PBXSourcesBuildPhase section */

/* Begin PBXTargetDependency section */
		FA159F8B1CAC3DC0001367D1 /* PBXTargetDependency */ = {
			isa = PBXTargetDependency;
			target = FA8F9E251CAC208D00CD359E /* OCM */;
			targetProxy = FA159F8A1CAC3DC0001367D1 /* PBXContainerItemProxy */;
		};
		FA8F9E331CAC208D00CD359E /* PBXTargetDependency */ = {
			isa = PBXTargetDependency;
			target = FA8F9E251CAC208D00CD359E /* OCM */;
			targetProxy = FA8F9E321CAC208D00CD359E /* PBXContainerItemProxy */;
		};
/* End PBXTargetDependency section */

/* Begin PBXVariantGroup section */
		FA159F7C1CAC3CE5001367D1 /* Main.storyboard */ = {
			isa = PBXVariantGroup;
			children = (
				FA159F7D1CAC3CE5001367D1 /* Base */,
			);
			name = Main.storyboard;
			sourceTree = "<group>";
		};
		FA159F811CAC3CE5001367D1 /* LaunchScreen.storyboard */ = {
			isa = PBXVariantGroup;
			children = (
				FA159F821CAC3CE5001367D1 /* Base */,
			);
			name = LaunchScreen.storyboard;
			sourceTree = "<group>";
		};
		FA8A2F161DA3AE3D00495AB2 /* Localizable.strings */ = {
			isa = PBXVariantGroup;
			children = (
				FA8A2F171DA3AE3D00495AB2 /* en */,
				FA8A2F181DA3AE3D00495AB2 /* es */,
				FAE9E0301DE30FF7001CCF81 /* el */,
				FAE9E0311DE311CC001CCF81 /* hu */,
				FAE9E0321DE311D3001CCF81 /* it */,
				FAE9E0331DE311E1001CCF81 /* ro */,
				FAE9E0341DE311F0001CCF81 /* pl */,
			);
			name = Localizable.strings;
			sourceTree = "<group>";
		};
/* End PBXVariantGroup section */

/* Begin XCBuildConfiguration section */
		FA159F861CAC3CE5001367D1 /* Debug */ = {
			isa = XCBuildConfiguration;
			buildSettings = {
				ALWAYS_EMBED_SWIFT_STANDARD_LIBRARIES = YES;
				ASSETCATALOG_COMPILER_APPICON_NAME = AppIcon;
				DEVELOPMENT_TEAM = SU5BA5HAQK;
				FRAMEWORK_SEARCH_PATHS = (
					"$(inherited)",
					"$(PROJECT_DIR)/Carthage/Build/iOS",
				);
				INFOPLIST_FILE = DemoApp/Info.plist;
				IPHONEOS_DEPLOYMENT_TARGET = 9.0;
				LD_RUNPATH_SEARCH_PATHS = "$(inherited) @executable_path/Frameworks";
				PRODUCT_BUNDLE_IDENTIFIER = com.orchextra.ocmdemo;
				PRODUCT_NAME = "$(TARGET_NAME)";
				SWIFT_VERSION = 3.0;
			};
			name = Debug;
		};
		FA159F871CAC3CE5001367D1 /* Release */ = {
			isa = XCBuildConfiguration;
			buildSettings = {
				ALWAYS_EMBED_SWIFT_STANDARD_LIBRARIES = YES;
				ASSETCATALOG_COMPILER_APPICON_NAME = AppIcon;
				DEVELOPMENT_TEAM = SU5BA5HAQK;
				FRAMEWORK_SEARCH_PATHS = (
					"$(inherited)",
					"$(PROJECT_DIR)/Carthage/Build/iOS",
				);
				INFOPLIST_FILE = DemoApp/Info.plist;
				IPHONEOS_DEPLOYMENT_TARGET = 9.0;
				LD_RUNPATH_SEARCH_PATHS = "$(inherited) @executable_path/Frameworks";
				PRODUCT_BUNDLE_IDENTIFIER = com.orchextra.ocmdemo;
				PRODUCT_NAME = "$(TARGET_NAME)";
				SWIFT_VERSION = 3.0;
			};
			name = Release;
		};
		FA8F9E381CAC208D00CD359E /* Debug */ = {
			isa = XCBuildConfiguration;
			buildSettings = {
				ALWAYS_SEARCH_USER_PATHS = NO;
				CLANG_ANALYZER_LOCALIZABILITY_NONLOCALIZED = YES;
				CLANG_ANALYZER_NONNULL = YES;
				CLANG_CXX_LANGUAGE_STANDARD = "gnu++0x";
				CLANG_CXX_LIBRARY = "libc++";
				CLANG_ENABLE_MODULES = YES;
				CLANG_ENABLE_OBJC_ARC = YES;
				CLANG_WARN_BOOL_CONVERSION = YES;
				CLANG_WARN_CONSTANT_CONVERSION = YES;
				CLANG_WARN_DIRECT_OBJC_ISA_USAGE = YES_ERROR;
				CLANG_WARN_EMPTY_BODY = YES;
				CLANG_WARN_ENUM_CONVERSION = YES;
				CLANG_WARN_INFINITE_RECURSION = YES;
				CLANG_WARN_INT_CONVERSION = YES;
				CLANG_WARN_OBJC_ROOT_CLASS = YES_ERROR;
				CLANG_WARN_SUSPICIOUS_MOVE = YES;
				CLANG_WARN_UNREACHABLE_CODE = YES;
				CLANG_WARN__DUPLICATE_METHOD_MATCH = YES;
				"CODE_SIGN_IDENTITY[sdk=iphoneos*]" = "iPhone Developer";
				COPY_PHASE_STRIP = NO;
				CURRENT_PROJECT_VERSION = 1;
				DEBUG_INFORMATION_FORMAT = dwarf;
				ENABLE_BITCODE = NO;
				ENABLE_STRICT_OBJC_MSGSEND = YES;
				ENABLE_TESTABILITY = YES;
				GCC_C_LANGUAGE_STANDARD = gnu99;
				GCC_DYNAMIC_NO_PIC = NO;
				GCC_NO_COMMON_BLOCKS = YES;
				GCC_OPTIMIZATION_LEVEL = 0;
				GCC_PREPROCESSOR_DEFINITIONS = (
					"DEBUG=1",
					"$(inherited)",
				);
				GCC_WARN_64_TO_32_BIT_CONVERSION = YES;
				GCC_WARN_ABOUT_RETURN_TYPE = YES_ERROR;
				GCC_WARN_UNDECLARED_SELECTOR = YES;
				GCC_WARN_UNINITIALIZED_AUTOS = YES_AGGRESSIVE;
				GCC_WARN_UNUSED_FUNCTION = YES;
				GCC_WARN_UNUSED_VARIABLE = YES;
				IPHONEOS_DEPLOYMENT_TARGET = 9.0;
				MTL_ENABLE_DEBUG_INFO = YES;
				ONLY_ACTIVE_ARCH = YES;
				SDKROOT = iphoneos;
				SWIFT_OPTIMIZATION_LEVEL = "-Onone";
				TARGETED_DEVICE_FAMILY = "1,2";
				VERSIONING_SYSTEM = "apple-generic";
				VERSION_INFO_PREFIX = "";
			};
			name = Debug;
		};
		FA8F9E391CAC208D00CD359E /* Release */ = {
			isa = XCBuildConfiguration;
			buildSettings = {
				ALWAYS_SEARCH_USER_PATHS = NO;
				CLANG_ANALYZER_LOCALIZABILITY_NONLOCALIZED = YES;
				CLANG_ANALYZER_NONNULL = YES;
				CLANG_CXX_LANGUAGE_STANDARD = "gnu++0x";
				CLANG_CXX_LIBRARY = "libc++";
				CLANG_ENABLE_MODULES = YES;
				CLANG_ENABLE_OBJC_ARC = YES;
				CLANG_WARN_BOOL_CONVERSION = YES;
				CLANG_WARN_CONSTANT_CONVERSION = YES;
				CLANG_WARN_DIRECT_OBJC_ISA_USAGE = YES_ERROR;
				CLANG_WARN_EMPTY_BODY = YES;
				CLANG_WARN_ENUM_CONVERSION = YES;
				CLANG_WARN_INFINITE_RECURSION = YES;
				CLANG_WARN_INT_CONVERSION = YES;
				CLANG_WARN_OBJC_ROOT_CLASS = YES_ERROR;
				CLANG_WARN_SUSPICIOUS_MOVE = YES;
				CLANG_WARN_UNREACHABLE_CODE = YES;
				CLANG_WARN__DUPLICATE_METHOD_MATCH = YES;
				"CODE_SIGN_IDENTITY[sdk=iphoneos*]" = "iPhone Developer";
				COPY_PHASE_STRIP = NO;
				CURRENT_PROJECT_VERSION = 1;
				DEBUG_INFORMATION_FORMAT = "dwarf-with-dsym";
				ENABLE_BITCODE = NO;
				ENABLE_NS_ASSERTIONS = NO;
				ENABLE_STRICT_OBJC_MSGSEND = YES;
				GCC_C_LANGUAGE_STANDARD = gnu99;
				GCC_NO_COMMON_BLOCKS = YES;
				GCC_WARN_64_TO_32_BIT_CONVERSION = YES;
				GCC_WARN_ABOUT_RETURN_TYPE = YES_ERROR;
				GCC_WARN_UNDECLARED_SELECTOR = YES;
				GCC_WARN_UNINITIALIZED_AUTOS = YES_AGGRESSIVE;
				GCC_WARN_UNUSED_FUNCTION = YES;
				GCC_WARN_UNUSED_VARIABLE = YES;
				IPHONEOS_DEPLOYMENT_TARGET = 9.0;
				MTL_ENABLE_DEBUG_INFO = NO;
				SDKROOT = iphoneos;
				SWIFT_OPTIMIZATION_LEVEL = "-Owholemodule";
				TARGETED_DEVICE_FAMILY = "1,2";
				VALIDATE_PRODUCT = YES;
				VERSIONING_SYSTEM = "apple-generic";
				VERSION_INFO_PREFIX = "";
			};
			name = Release;
		};
		FA8F9E3B1CAC208D00CD359E /* Debug */ = {
			isa = XCBuildConfiguration;
			buildSettings = {
				CLANG_ENABLE_MODULES = YES;
				"CODE_SIGN_IDENTITY[sdk=iphoneos*]" = "";
				CURRENT_PROJECT_VERSION = 1.3;
				DEFINES_MODULE = YES;
				DYLIB_COMPATIBILITY_VERSION = 1;
				DYLIB_CURRENT_VERSION = 1;
				DYLIB_INSTALL_NAME_BASE = "@rpath";
				ENABLE_BITCODE = NO;
				FRAMEWORK_SEARCH_PATHS = (
					"$(inherited)",
					"$(PROJECT_DIR)/Carthage/Build/iOS",
					"$(PROJECT_DIR)",
				);
				INFOPLIST_FILE = OCM/Info.plist;
				INSTALL_PATH = "$(LOCAL_LIBRARY_DIR)/Frameworks";
				IPHONEOS_DEPLOYMENT_TARGET = 9.0;
				LD_RUNPATH_SEARCH_PATHS = "$(inherited) @executable_path/Frameworks @loader_path/Frameworks";
				OTHER_LDFLAGS = (
					"-ObjC",
					"-lc++",
				);
				PRODUCT_BUNDLE_IDENTIFIER = com.orchextra.ocm;
				PRODUCT_MODULE_NAME = OCMSDK;
				PRODUCT_NAME = OCMSDK;
				SKIP_INSTALL = YES;
				SWIFT_OBJC_BRIDGING_HEADER = "OCM/OCM-Bridging-Header.h";
				SWIFT_OPTIMIZATION_LEVEL = "-Onone";
				SWIFT_VERSION = 3.0;
			};
			name = Debug;
		};
		FA8F9E3C1CAC208D00CD359E /* Release */ = {
			isa = XCBuildConfiguration;
			buildSettings = {
				CLANG_ENABLE_MODULES = YES;
				"CODE_SIGN_IDENTITY[sdk=iphoneos*]" = "";
				CURRENT_PROJECT_VERSION = 1.3;
				DEFINES_MODULE = YES;
				DYLIB_COMPATIBILITY_VERSION = 1;
				DYLIB_CURRENT_VERSION = 1;
				DYLIB_INSTALL_NAME_BASE = "@rpath";
				ENABLE_BITCODE = NO;
				FRAMEWORK_SEARCH_PATHS = (
					"$(inherited)",
					"$(PROJECT_DIR)/Carthage/Build/iOS",
					"$(PROJECT_DIR)",
				);
				INFOPLIST_FILE = OCM/Info.plist;
				INSTALL_PATH = "$(LOCAL_LIBRARY_DIR)/Frameworks";
				IPHONEOS_DEPLOYMENT_TARGET = 9.0;
				LD_RUNPATH_SEARCH_PATHS = "$(inherited) @executable_path/Frameworks @loader_path/Frameworks";
				OTHER_LDFLAGS = (
					"-ObjC",
					"-lc++",
				);
				PRODUCT_BUNDLE_IDENTIFIER = com.orchextra.ocm;
				PRODUCT_MODULE_NAME = OCMSDK;
				PRODUCT_NAME = OCMSDK;
				SKIP_INSTALL = YES;
				SWIFT_OBJC_BRIDGING_HEADER = "OCM/OCM-Bridging-Header.h";
				SWIFT_OPTIMIZATION_LEVEL = "-Owholemodule";
				SWIFT_VERSION = 3.0;
			};
			name = Release;
		};
		FA8F9E3E1CAC208D00CD359E /* Debug */ = {
			isa = XCBuildConfiguration;
			buildSettings = {
				ALWAYS_EMBED_SWIFT_STANDARD_LIBRARIES = YES;
				DEVELOPMENT_TEAM = "";
				FRAMEWORK_SEARCH_PATHS = (
					"$(inherited)",
					"$(PROJECT_DIR)/Carthage/Build/iOS",
				);
				INFOPLIST_FILE = OCMTests/Info.plist;
				LD_RUNPATH_SEARCH_PATHS = "$(inherited) @executable_path/Frameworks @loader_path/Frameworks";
				PRODUCT_BUNDLE_IDENTIFIER = com.orchextra.ocmtests;
				PRODUCT_NAME = "$(TARGET_NAME)";
				SWIFT_VERSION = 3.0;
			};
			name = Debug;
		};
		FA8F9E3F1CAC208D00CD359E /* Release */ = {
			isa = XCBuildConfiguration;
			buildSettings = {
				ALWAYS_EMBED_SWIFT_STANDARD_LIBRARIES = YES;
				DEVELOPMENT_TEAM = "";
				FRAMEWORK_SEARCH_PATHS = (
					"$(inherited)",
					"$(PROJECT_DIR)/Carthage/Build/iOS",
				);
				INFOPLIST_FILE = OCMTests/Info.plist;
				LD_RUNPATH_SEARCH_PATHS = "$(inherited) @executable_path/Frameworks @loader_path/Frameworks";
				PRODUCT_BUNDLE_IDENTIFIER = com.orchextra.ocmtests;
				PRODUCT_NAME = "$(TARGET_NAME)";
				SWIFT_OPTIMIZATION_LEVEL = "-Owholemodule";
				SWIFT_VERSION = 3.0;
			};
			name = Release;
		};
/* End XCBuildConfiguration section */

/* Begin XCConfigurationList section */
		FA159F851CAC3CE5001367D1 /* Build configuration list for PBXNativeTarget "OCMDemo" */ = {
			isa = XCConfigurationList;
			buildConfigurations = (
				FA159F861CAC3CE5001367D1 /* Debug */,
				FA159F871CAC3CE5001367D1 /* Release */,
			);
			defaultConfigurationIsVisible = 0;
			defaultConfigurationName = Release;
		};
		FA8F9E201CAC208D00CD359E /* Build configuration list for PBXProject "OCM" */ = {
			isa = XCConfigurationList;
			buildConfigurations = (
				FA8F9E381CAC208D00CD359E /* Debug */,
				FA8F9E391CAC208D00CD359E /* Release */,
			);
			defaultConfigurationIsVisible = 0;
			defaultConfigurationName = Release;
		};
		FA8F9E3A1CAC208D00CD359E /* Build configuration list for PBXNativeTarget "OCM" */ = {
			isa = XCConfigurationList;
			buildConfigurations = (
				FA8F9E3B1CAC208D00CD359E /* Debug */,
				FA8F9E3C1CAC208D00CD359E /* Release */,
			);
			defaultConfigurationIsVisible = 0;
			defaultConfigurationName = Release;
		};
		FA8F9E3D1CAC208D00CD359E /* Build configuration list for PBXNativeTarget "OCMTests" */ = {
			isa = XCConfigurationList;
			buildConfigurations = (
				FA8F9E3E1CAC208D00CD359E /* Debug */,
				FA8F9E3F1CAC208D00CD359E /* Release */,
			);
			defaultConfigurationIsVisible = 0;
			defaultConfigurationName = Release;
		};
/* End XCConfigurationList section */
	};
	rootObject = FA8F9E1D1CAC208D00CD359E /* Project object */;
}
