// !$*UTF8*$!
{
	archiveVersion = 1;
	classes = {
	};
	objectVersion = 46;
	objects = {

/* Begin PBXBuildFile section */
		A54CB13B1DA53D2500E5B65E /* MosaicFlowLayout.swift in Sources */ = {isa = PBXBuildFile; fileRef = A54CB13A1DA53D2500E5B65E /* MosaicFlowLayout.swift */; };
		A5E1FFBF1DAB8FBD0084E251 /* CarouselFlowLayout.swift in Sources */ = {isa = PBXBuildFile; fileRef = A5E1FFBE1DAB8FBD0084E251 /* CarouselFlowLayout.swift */; };
		A5E1FFC11DAB9DBB0084E251 /* ContentList.swift in Sources */ = {isa = PBXBuildFile; fileRef = A5E1FFC01DAB9DBB0084E251 /* ContentList.swift */; };
		FA159F791CAC3CE5001367D1 /* AppDelegate.swift in Sources */ = {isa = PBXBuildFile; fileRef = FA159F781CAC3CE5001367D1 /* AppDelegate.swift */; };
		FA159F7B1CAC3CE5001367D1 /* ViewController.swift in Sources */ = {isa = PBXBuildFile; fileRef = FA159F7A1CAC3CE5001367D1 /* ViewController.swift */; };
		FA159F7E1CAC3CE5001367D1 /* Main.storyboard in Resources */ = {isa = PBXBuildFile; fileRef = FA159F7C1CAC3CE5001367D1 /* Main.storyboard */; };
		FA159F801CAC3CE5001367D1 /* Assets.xcassets in Resources */ = {isa = PBXBuildFile; fileRef = FA159F7F1CAC3CE5001367D1 /* Assets.xcassets */; };
		FA159F831CAC3CE5001367D1 /* LaunchScreen.storyboard in Resources */ = {isa = PBXBuildFile; fileRef = FA159F811CAC3CE5001367D1 /* LaunchScreen.storyboard */; };
		FA159F881CAC3DC0001367D1 /* OCMSDK.framework in Frameworks */ = {isa = PBXBuildFile; fileRef = FA8F9E261CAC208D00CD359E /* OCMSDK.framework */; };
		FA159F891CAC3DC0001367D1 /* OCMSDK.framework in Embed Frameworks */ = {isa = PBXBuildFile; fileRef = FA8F9E261CAC208D00CD359E /* OCMSDK.framework */; settings = {ATTRIBUTES = (CodeSignOnCopy, RemoveHeadersOnCopy, ); }; };
		FA2C88081DAD3DEB0073DE2F /* MenuService.swift in Sources */ = {isa = PBXBuildFile; fileRef = FA2C88071DAD3DEB0073DE2F /* MenuService.swift */; };
		FA3022061CBD62AA00A8F7DE /* GIGLibrary.framework in Frameworks */ = {isa = PBXBuildFile; fileRef = FA37B90B1CBBA5B500891551 /* GIGLibrary.framework */; };
		FA3022071CBD630B00A8F7DE /* GIGLibrary.framework in CopyFiles */ = {isa = PBXBuildFile; fileRef = FA37B90B1CBBA5B500891551 /* GIGLibrary.framework */; settings = {ATTRIBUTES = (CodeSignOnCopy, RemoveHeadersOnCopy, ); }; };
		FA37B90A1CBBA44800891551 /* Cartfile in Resources */ = {isa = PBXBuildFile; fileRef = FA37B9091CBBA44800891551 /* Cartfile */; };
		FA37B90C1CBBA5B500891551 /* GIGLibrary.framework in Frameworks */ = {isa = PBXBuildFile; fileRef = FA37B90B1CBBA5B500891551 /* GIGLibrary.framework */; };
		FA37B90F1CBBA62600891551 /* GIGLibrary.framework in Frameworks */ = {isa = PBXBuildFile; fileRef = FA37B90B1CBBA5B500891551 /* GIGLibrary.framework */; };
		FA37B9101CBBA62600891551 /* GIGLibrary.framework in Embed Frameworks */ = {isa = PBXBuildFile; fileRef = FA37B90B1CBBA5B500891551 /* GIGLibrary.framework */; settings = {ATTRIBUTES = (CodeSignOnCopy, RemoveHeadersOnCopy, ); }; };
		FA45FD731DA55E4C00EE081A /* ActionContent.swift in Sources */ = {isa = PBXBuildFile; fileRef = FA45FD721DA55E4C00EE081A /* ActionContent.swift */; };
		FA8A2F241DA3AE3D00495AB2 /* WebVC.swift in Sources */ = {isa = PBXBuildFile; fileRef = FA8A2EF01DA3AE3D00495AB2 /* WebVC.swift */; };
		FA8A2F251DA3AE3D00495AB2 /* Localize.swift in Sources */ = {isa = PBXBuildFile; fileRef = FA8A2EF21DA3AE3D00495AB2 /* Localize.swift */; };
		FA8A2F261DA3AE3D00495AB2 /* Log.swift in Sources */ = {isa = PBXBuildFile; fileRef = FA8A2EF31DA3AE3D00495AB2 /* Log.swift */; };
		FA8A2F271DA3AE3D00495AB2 /* NSBundle+Extension.swift in Sources */ = {isa = PBXBuildFile; fileRef = FA8A2EF41DA3AE3D00495AB2 /* NSBundle+Extension.swift */; };
		FA8A2F281DA3AE3D00495AB2 /* NSError+Extension.swift in Sources */ = {isa = PBXBuildFile; fileRef = FA8A2EF51DA3AE3D00495AB2 /* NSError+Extension.swift */; };
		FA8A2F291DA3AE3D00495AB2 /* Response+Extension.swift in Sources */ = {isa = PBXBuildFile; fileRef = FA8A2EF61DA3AE3D00495AB2 /* Response+Extension.swift */; };
		FA8A2F2A1DA3AE3D00495AB2 /* Storyboard+Extension.swift in Sources */ = {isa = PBXBuildFile; fileRef = FA8A2EF71DA3AE3D00495AB2 /* Storyboard+Extension.swift */; };
		FA8A2F2B1DA3AE3D00495AB2 /* Config.swift in Sources */ = {isa = PBXBuildFile; fileRef = FA8A2EF91DA3AE3D00495AB2 /* Config.swift */; };
		FA8A2F2C1DA3AE3D00495AB2 /* OCMPalette.swift in Sources */ = {isa = PBXBuildFile; fileRef = FA8A2EFA1DA3AE3D00495AB2 /* OCMPalette.swift */; };
		FA8A2F2D1DA3AE3D00495AB2 /* ImageService.swift in Sources */ = {isa = PBXBuildFile; fileRef = FA8A2EFE1DA3AE3D00495AB2 /* ImageService.swift */; };
		FA8A2F2E1DA3AE3D00495AB2 /* ContentListService.swift in Sources */ = {isa = PBXBuildFile; fileRef = FA8A2EFF1DA3AE3D00495AB2 /* ContentListService.swift */; };
		FA8A2F301DA3AE3D00495AB2 /* PushInteractor.swift in Sources */ = {isa = PBXBuildFile; fileRef = FA8A2F021DA3AE3D00495AB2 /* PushInteractor.swift */; };
		FA8A2F321DA3AE3D00495AB2 /* ContentListInteractor.swift in Sources */ = {isa = PBXBuildFile; fileRef = FA8A2F041DA3AE3D00495AB2 /* ContentListInteractor.swift */; };
		FA8A2F331DA3AE3D00495AB2 /* Action.swift in Sources */ = {isa = PBXBuildFile; fileRef = FA8A2F071DA3AE3D00495AB2 /* Action.swift */; };
		FA8A2F341DA3AE3D00495AB2 /* ActionBanner.swift in Sources */ = {isa = PBXBuildFile; fileRef = FA8A2F081DA3AE3D00495AB2 /* ActionBanner.swift */; };
		FA8A2F351DA3AE3D00495AB2 /* ActionCouponDetail.swift in Sources */ = {isa = PBXBuildFile; fileRef = FA8A2F091DA3AE3D00495AB2 /* ActionCouponDetail.swift */; };
		FA8A2F361DA3AE3D00495AB2 /* ActionCoupons.swift in Sources */ = {isa = PBXBuildFile; fileRef = FA8A2F0A1DA3AE3D00495AB2 /* ActionCoupons.swift */; };
		FA8A2F371DA3AE3D00495AB2 /* ActionCustomScheme.swift in Sources */ = {isa = PBXBuildFile; fileRef = FA8A2F0B1DA3AE3D00495AB2 /* ActionCustomScheme.swift */; };
		FA8A2F381DA3AE3D00495AB2 /* ActionWebview.swift in Sources */ = {isa = PBXBuildFile; fileRef = FA8A2F0C1DA3AE3D00495AB2 /* ActionWebview.swift */; };
		FA8A2F391DA3AE3D00495AB2 /* Media.swift in Sources */ = {isa = PBXBuildFile; fileRef = FA8A2F0D1DA3AE3D00495AB2 /* Media.swift */; };
		FA8A2F3A1DA3AE3D00495AB2 /* Storage.swift in Sources */ = {isa = PBXBuildFile; fileRef = FA8A2F0E1DA3AE3D00495AB2 /* Storage.swift */; };
		FA8A2F3B1DA3AE3D00495AB2 /* Content.swift in Sources */ = {isa = PBXBuildFile; fileRef = FA8A2F0F1DA3AE3D00495AB2 /* Content.swift */; };
		FA8A2F3C1DA3AE3D00495AB2 /* OCM.h in Headers */ = {isa = PBXBuildFile; fileRef = FA8A2F101DA3AE3D00495AB2 /* OCM.h */; };
		FA8A2F3D1DA3AE3D00495AB2 /* OCM.swift in Sources */ = {isa = PBXBuildFile; fileRef = FA8A2F111DA3AE3D00495AB2 /* OCM.swift */; };
		FA8A2F3F1DA3AE3D00495AB2 /* Assets.xcassets in Resources */ = {isa = PBXBuildFile; fileRef = FA8A2F141DA3AE3D00495AB2 /* Assets.xcassets */; };
		FA8A2F401DA3AE3D00495AB2 /* Localizable.strings in Resources */ = {isa = PBXBuildFile; fileRef = FA8A2F161DA3AE3D00495AB2 /* Localizable.strings */; };
		FA8A2F411DA3AE3D00495AB2 /* LocalizableConstants.swift in Sources */ = {isa = PBXBuildFile; fileRef = FA8A2F191DA3AE3D00495AB2 /* LocalizableConstants.swift */; };
		FA8A2F421DA3AE3D00495AB2 /* Locfile in Resources */ = {isa = PBXBuildFile; fileRef = FA8A2F1C1DA3AE3D00495AB2 /* Locfile */; };
		FA8A2F431DA3AE3D00495AB2 /* ContentCell.swift in Sources */ = {isa = PBXBuildFile; fileRef = FA8A2F1F1DA3AE3D00495AB2 /* ContentCell.swift */; };
		FA8A2F441DA3AE3D00495AB2 /* ContentListPresenter.swift in Sources */ = {isa = PBXBuildFile; fileRef = FA8A2F201DA3AE3D00495AB2 /* ContentListPresenter.swift */; };
		FA8A2F451DA3AE3D00495AB2 /* ContentListVC.swift in Sources */ = {isa = PBXBuildFile; fileRef = FA8A2F211DA3AE3D00495AB2 /* ContentListVC.swift */; };
		FA8A2F461DA3AE3D00495AB2 /* Wireframe.swift in Sources */ = {isa = PBXBuildFile; fileRef = FA8A2F221DA3AE3D00495AB2 /* Wireframe.swift */; };
		FA8A2F471DA3AE3D00495AB2 /* OCM.storyboard in Resources */ = {isa = PBXBuildFile; fileRef = FA8A2F231DA3AE3D00495AB2 /* OCM.storyboard */; };
		FA8F9E311CAC208D00CD359E /* OCMSDK.framework in Frameworks */ = {isa = PBXBuildFile; fileRef = FA8F9E261CAC208D00CD359E /* OCMSDK.framework */; };
		FAB0605A1DAD0860002C2270 /* ActionInteractor.swift in Sources */ = {isa = PBXBuildFile; fileRef = FAB060591DAD0860002C2270 /* ActionInteractor.swift */; };
		FAB0605C1DAD2A12002C2270 /* ActionDataManager.swift in Sources */ = {isa = PBXBuildFile; fileRef = FAB0605B1DAD2A12002C2270 /* ActionDataManager.swift */; };
		FABD882F1DA3D12C002F40A9 /* Section.swift in Sources */ = {isa = PBXBuildFile; fileRef = FABD882E1DA3D12C002F40A9 /* Section.swift */; };
		FAF84C651D59C6C80073969E /* Nimble.framework in Frameworks */ = {isa = PBXBuildFile; fileRef = FAF84C631D59C6C80073969E /* Nimble.framework */; };
		FAF84C661D59C6C80073969E /* Quick.framework in Frameworks */ = {isa = PBXBuildFile; fileRef = FAF84C641D59C6C80073969E /* Quick.framework */; };
		FAF84C671D59C6F20073969E /* Nimble.framework in CopyFiles */ = {isa = PBXBuildFile; fileRef = FAF84C631D59C6C80073969E /* Nimble.framework */; settings = {ATTRIBUTES = (CodeSignOnCopy, RemoveHeadersOnCopy, ); }; };
		FAF84C681D59C6F20073969E /* Quick.framework in CopyFiles */ = {isa = PBXBuildFile; fileRef = FAF84C641D59C6C80073969E /* Quick.framework */; settings = {ATTRIBUTES = (CodeSignOnCopy, RemoveHeadersOnCopy, ); }; };
		FAF930C41DAF9286009A3E50 /* ActionType.swift in Sources */ = {isa = PBXBuildFile; fileRef = FAF930C31DAF9286009A3E50 /* ActionType.swift */; };
		FAF930C71DAF9DF5009A3E50 /* ErrorConstants.swift in Sources */ = {isa = PBXBuildFile; fileRef = FAF930C61DAF9DF5009A3E50 /* ErrorConstants.swift */; };
/* End PBXBuildFile section */

/* Begin PBXContainerItemProxy section */
		FA159F8A1CAC3DC0001367D1 /* PBXContainerItemProxy */ = {
			isa = PBXContainerItemProxy;
			containerPortal = FA8F9E1D1CAC208D00CD359E /* Project object */;
			proxyType = 1;
			remoteGlobalIDString = FA8F9E251CAC208D00CD359E;
			remoteInfo = Zeus;
		};
		FA8F9E321CAC208D00CD359E /* PBXContainerItemProxy */ = {
			isa = PBXContainerItemProxy;
			containerPortal = FA8F9E1D1CAC208D00CD359E /* Project object */;
			proxyType = 1;
			remoteGlobalIDString = FA8F9E251CAC208D00CD359E;
			remoteInfo = Zeus;
		};
/* End PBXContainerItemProxy section */

/* Begin PBXCopyFilesBuildPhase section */
		FA159F8C1CAC3DC0001367D1 /* Embed Frameworks */ = {
			isa = PBXCopyFilesBuildPhase;
			buildActionMask = 2147483647;
			dstPath = "";
			dstSubfolderSpec = 10;
			files = (
				FA37B9101CBBA62600891551 /* GIGLibrary.framework in Embed Frameworks */,
				FA159F891CAC3DC0001367D1 /* OCMSDK.framework in Embed Frameworks */,
			);
			name = "Embed Frameworks";
			runOnlyForDeploymentPostprocessing = 0;
		};
		FA6694AA1CB24DF600039412 /* CopyFiles */ = {
			isa = PBXCopyFilesBuildPhase;
			buildActionMask = 2147483647;
			dstPath = "";
			dstSubfolderSpec = 10;
			files = (
				FAF84C671D59C6F20073969E /* Nimble.framework in CopyFiles */,
				FAF84C681D59C6F20073969E /* Quick.framework in CopyFiles */,
				FA3022071CBD630B00A8F7DE /* GIGLibrary.framework in CopyFiles */,
			);
			runOnlyForDeploymentPostprocessing = 0;
		};
/* End PBXCopyFilesBuildPhase section */

/* Begin PBXFileReference section */
		A54CB13A1DA53D2500E5B65E /* MosaicFlowLayout.swift */ = {isa = PBXFileReference; fileEncoding = 4; lastKnownFileType = sourcecode.swift; path = MosaicFlowLayout.swift; sourceTree = "<group>"; };
		A5E1FFBE1DAB8FBD0084E251 /* CarouselFlowLayout.swift */ = {isa = PBXFileReference; fileEncoding = 4; lastKnownFileType = sourcecode.swift; path = CarouselFlowLayout.swift; sourceTree = "<group>"; };
		A5E1FFC01DAB9DBB0084E251 /* ContentList.swift */ = {isa = PBXFileReference; fileEncoding = 4; lastKnownFileType = sourcecode.swift; path = ContentList.swift; sourceTree = "<group>"; };
		FA159F761CAC3CE5001367D1 /* OCMDemo.app */ = {isa = PBXFileReference; explicitFileType = wrapper.application; includeInIndex = 0; path = OCMDemo.app; sourceTree = BUILT_PRODUCTS_DIR; };
		FA159F781CAC3CE5001367D1 /* AppDelegate.swift */ = {isa = PBXFileReference; lastKnownFileType = sourcecode.swift; path = AppDelegate.swift; sourceTree = "<group>"; };
		FA159F7A1CAC3CE5001367D1 /* ViewController.swift */ = {isa = PBXFileReference; lastKnownFileType = sourcecode.swift; lineEnding = 0; path = ViewController.swift; sourceTree = "<group>"; xcLanguageSpecificationIdentifier = xcode.lang.swift; };
		FA159F7D1CAC3CE5001367D1 /* Base */ = {isa = PBXFileReference; lastKnownFileType = file.storyboard; name = Base; path = Base.lproj/Main.storyboard; sourceTree = "<group>"; };
		FA159F7F1CAC3CE5001367D1 /* Assets.xcassets */ = {isa = PBXFileReference; lastKnownFileType = folder.assetcatalog; path = Assets.xcassets; sourceTree = "<group>"; };
		FA159F821CAC3CE5001367D1 /* Base */ = {isa = PBXFileReference; lastKnownFileType = file.storyboard; name = Base; path = Base.lproj/LaunchScreen.storyboard; sourceTree = "<group>"; };
		FA159F841CAC3CE5001367D1 /* Info.plist */ = {isa = PBXFileReference; lastKnownFileType = text.plist.xml; path = Info.plist; sourceTree = "<group>"; };
		FA2C88071DAD3DEB0073DE2F /* MenuService.swift */ = {isa = PBXFileReference; fileEncoding = 4; lastKnownFileType = sourcecode.swift; path = MenuService.swift; sourceTree = "<group>"; };
		FA37B9091CBBA44800891551 /* Cartfile */ = {isa = PBXFileReference; fileEncoding = 4; lastKnownFileType = text; path = Cartfile; sourceTree = "<group>"; };
		FA37B90B1CBBA5B500891551 /* GIGLibrary.framework */ = {isa = PBXFileReference; lastKnownFileType = wrapper.framework; name = GIGLibrary.framework; path = Carthage/Build/iOS/GIGLibrary.framework; sourceTree = "<group>"; };
		FA45FD721DA55E4C00EE081A /* ActionContent.swift */ = {isa = PBXFileReference; fileEncoding = 4; lastKnownFileType = sourcecode.swift; path = ActionContent.swift; sourceTree = "<group>"; };
		FA8A2EF01DA3AE3D00495AB2 /* WebVC.swift */ = {isa = PBXFileReference; fileEncoding = 4; lastKnownFileType = sourcecode.swift; lineEnding = 0; path = WebVC.swift; sourceTree = "<group>"; xcLanguageSpecificationIdentifier = xcode.lang.swift; };
		FA8A2EF21DA3AE3D00495AB2 /* Localize.swift */ = {isa = PBXFileReference; fileEncoding = 4; lastKnownFileType = sourcecode.swift; path = Localize.swift; sourceTree = "<group>"; };
		FA8A2EF31DA3AE3D00495AB2 /* Log.swift */ = {isa = PBXFileReference; fileEncoding = 4; lastKnownFileType = sourcecode.swift; path = Log.swift; sourceTree = "<group>"; };
		FA8A2EF41DA3AE3D00495AB2 /* NSBundle+Extension.swift */ = {isa = PBXFileReference; fileEncoding = 4; lastKnownFileType = sourcecode.swift; path = "NSBundle+Extension.swift"; sourceTree = "<group>"; };
		FA8A2EF51DA3AE3D00495AB2 /* NSError+Extension.swift */ = {isa = PBXFileReference; fileEncoding = 4; lastKnownFileType = sourcecode.swift; lineEnding = 0; path = "NSError+Extension.swift"; sourceTree = "<group>"; xcLanguageSpecificationIdentifier = xcode.lang.swift; };
		FA8A2EF61DA3AE3D00495AB2 /* Response+Extension.swift */ = {isa = PBXFileReference; fileEncoding = 4; lastKnownFileType = sourcecode.swift; path = "Response+Extension.swift"; sourceTree = "<group>"; };
		FA8A2EF71DA3AE3D00495AB2 /* Storyboard+Extension.swift */ = {isa = PBXFileReference; fileEncoding = 4; lastKnownFileType = sourcecode.swift; lineEnding = 0; path = "Storyboard+Extension.swift"; sourceTree = "<group>"; xcLanguageSpecificationIdentifier = xcode.lang.swift; };
		FA8A2EF91DA3AE3D00495AB2 /* Config.swift */ = {isa = PBXFileReference; fileEncoding = 4; lastKnownFileType = sourcecode.swift; path = Config.swift; sourceTree = "<group>"; };
		FA8A2EFA1DA3AE3D00495AB2 /* OCMPalette.swift */ = {isa = PBXFileReference; fileEncoding = 4; lastKnownFileType = sourcecode.swift; path = OCMPalette.swift; sourceTree = "<group>"; };
		FA8A2EFE1DA3AE3D00495AB2 /* ImageService.swift */ = {isa = PBXFileReference; fileEncoding = 4; lastKnownFileType = sourcecode.swift; path = ImageService.swift; sourceTree = "<group>"; };
		FA8A2EFF1DA3AE3D00495AB2 /* ContentListService.swift */ = {isa = PBXFileReference; fileEncoding = 4; lastKnownFileType = sourcecode.swift; lineEnding = 0; path = ContentListService.swift; sourceTree = "<group>"; xcLanguageSpecificationIdentifier = xcode.lang.swift; };
		FA8A2F001DA3AE3D00495AB2 /* Info.plist */ = {isa = PBXFileReference; fileEncoding = 4; lastKnownFileType = text.plist.xml; path = Info.plist; sourceTree = "<group>"; };
		FA8A2F021DA3AE3D00495AB2 /* PushInteractor.swift */ = {isa = PBXFileReference; fileEncoding = 4; lastKnownFileType = sourcecode.swift; path = PushInteractor.swift; sourceTree = "<group>"; };
		FA8A2F041DA3AE3D00495AB2 /* ContentListInteractor.swift */ = {isa = PBXFileReference; fileEncoding = 4; lastKnownFileType = sourcecode.swift; lineEnding = 0; path = ContentListInteractor.swift; sourceTree = "<group>"; xcLanguageSpecificationIdentifier = xcode.lang.swift; };
		FA8A2F071DA3AE3D00495AB2 /* Action.swift */ = {isa = PBXFileReference; fileEncoding = 4; lastKnownFileType = sourcecode.swift; path = Action.swift; sourceTree = "<group>"; };
		FA8A2F081DA3AE3D00495AB2 /* ActionBanner.swift */ = {isa = PBXFileReference; fileEncoding = 4; lastKnownFileType = sourcecode.swift; path = ActionBanner.swift; sourceTree = "<group>"; };
		FA8A2F091DA3AE3D00495AB2 /* ActionCouponDetail.swift */ = {isa = PBXFileReference; fileEncoding = 4; lastKnownFileType = sourcecode.swift; path = ActionCouponDetail.swift; sourceTree = "<group>"; };
		FA8A2F0A1DA3AE3D00495AB2 /* ActionCoupons.swift */ = {isa = PBXFileReference; fileEncoding = 4; lastKnownFileType = sourcecode.swift; path = ActionCoupons.swift; sourceTree = "<group>"; };
		FA8A2F0B1DA3AE3D00495AB2 /* ActionCustomScheme.swift */ = {isa = PBXFileReference; fileEncoding = 4; lastKnownFileType = sourcecode.swift; path = ActionCustomScheme.swift; sourceTree = "<group>"; };
		FA8A2F0C1DA3AE3D00495AB2 /* ActionWebview.swift */ = {isa = PBXFileReference; fileEncoding = 4; lastKnownFileType = sourcecode.swift; path = ActionWebview.swift; sourceTree = "<group>"; };
		FA8A2F0D1DA3AE3D00495AB2 /* Media.swift */ = {isa = PBXFileReference; fileEncoding = 4; lastKnownFileType = sourcecode.swift; path = Media.swift; sourceTree = "<group>"; };
		FA8A2F0E1DA3AE3D00495AB2 /* Storage.swift */ = {isa = PBXFileReference; fileEncoding = 4; lastKnownFileType = sourcecode.swift; lineEnding = 0; path = Storage.swift; sourceTree = "<group>"; xcLanguageSpecificationIdentifier = xcode.lang.swift; };
		FA8A2F0F1DA3AE3D00495AB2 /* Content.swift */ = {isa = PBXFileReference; fileEncoding = 4; lastKnownFileType = sourcecode.swift; lineEnding = 0; path = Content.swift; sourceTree = "<group>"; xcLanguageSpecificationIdentifier = xcode.lang.swift; };
		FA8A2F101DA3AE3D00495AB2 /* OCM.h */ = {isa = PBXFileReference; fileEncoding = 4; lastKnownFileType = sourcecode.c.h; path = OCM.h; sourceTree = "<group>"; };
		FA8A2F111DA3AE3D00495AB2 /* OCM.swift */ = {isa = PBXFileReference; fileEncoding = 4; lastKnownFileType = sourcecode.swift; lineEnding = 0; path = OCM.swift; sourceTree = "<group>"; xcLanguageSpecificationIdentifier = xcode.lang.swift; };
		FA8A2F141DA3AE3D00495AB2 /* Assets.xcassets */ = {isa = PBXFileReference; lastKnownFileType = folder.assetcatalog; path = Assets.xcassets; sourceTree = "<group>"; };
		FA8A2F171DA3AE3D00495AB2 /* en */ = {isa = PBXFileReference; lastKnownFileType = text.plist.strings; name = en; path = en.lproj/Localizable.strings; sourceTree = "<group>"; };
		FA8A2F181DA3AE3D00495AB2 /* es */ = {isa = PBXFileReference; lastKnownFileType = text.plist.strings; name = es; path = es.lproj/Localizable.strings; sourceTree = "<group>"; };
		FA8A2F191DA3AE3D00495AB2 /* LocalizableConstants.swift */ = {isa = PBXFileReference; fileEncoding = 4; lastKnownFileType = sourcecode.swift; path = LocalizableConstants.swift; sourceTree = "<group>"; };
		FA8A2F1A1DA3AE3D00495AB2 /* pt-br */ = {isa = PBXFileReference; lastKnownFileType = text.plist.strings; name = "pt-br"; path = "pt-br.lproj/Localizable.strings"; sourceTree = "<group>"; };
		FA8A2F1B1DA3AE3D00495AB2 /* pt */ = {isa = PBXFileReference; lastKnownFileType = text.plist.strings; name = pt; path = pt.lproj/Localizable.strings; sourceTree = "<group>"; };
		FA8A2F1C1DA3AE3D00495AB2 /* Locfile */ = {isa = PBXFileReference; fileEncoding = 4; lastKnownFileType = text; name = Locfile; path = ../Locfile; sourceTree = "<group>"; };
		FA8A2F1F1DA3AE3D00495AB2 /* ContentCell.swift */ = {isa = PBXFileReference; fileEncoding = 4; lastKnownFileType = sourcecode.swift; lineEnding = 0; path = ContentCell.swift; sourceTree = "<group>"; xcLanguageSpecificationIdentifier = xcode.lang.swift; };
		FA8A2F201DA3AE3D00495AB2 /* ContentListPresenter.swift */ = {isa = PBXFileReference; fileEncoding = 4; lastKnownFileType = sourcecode.swift; lineEnding = 0; path = ContentListPresenter.swift; sourceTree = "<group>"; xcLanguageSpecificationIdentifier = xcode.lang.swift; };
		FA8A2F211DA3AE3D00495AB2 /* ContentListVC.swift */ = {isa = PBXFileReference; fileEncoding = 4; lastKnownFileType = sourcecode.swift; lineEnding = 0; path = ContentListVC.swift; sourceTree = "<group>"; xcLanguageSpecificationIdentifier = xcode.lang.swift; };
		FA8A2F221DA3AE3D00495AB2 /* Wireframe.swift */ = {isa = PBXFileReference; fileEncoding = 4; lastKnownFileType = sourcecode.swift; lineEnding = 0; path = Wireframe.swift; sourceTree = "<group>"; xcLanguageSpecificationIdentifier = xcode.lang.swift; };
		FA8A2F231DA3AE3D00495AB2 /* OCM.storyboard */ = {isa = PBXFileReference; fileEncoding = 4; lastKnownFileType = file.storyboard; path = OCM.storyboard; sourceTree = "<group>"; };
		FA8F9E261CAC208D00CD359E /* OCMSDK.framework */ = {isa = PBXFileReference; explicitFileType = wrapper.framework; includeInIndex = 0; path = OCMSDK.framework; sourceTree = BUILT_PRODUCTS_DIR; };
		FA8F9E301CAC208D00CD359E /* OCMTests.xctest */ = {isa = PBXFileReference; explicitFileType = wrapper.cfbundle; includeInIndex = 0; path = OCMTests.xctest; sourceTree = BUILT_PRODUCTS_DIR; };
		FAB060591DAD0860002C2270 /* ActionInteractor.swift */ = {isa = PBXFileReference; fileEncoding = 4; lastKnownFileType = sourcecode.swift; path = ActionInteractor.swift; sourceTree = "<group>"; };
		FAB0605B1DAD2A12002C2270 /* ActionDataManager.swift */ = {isa = PBXFileReference; fileEncoding = 4; lastKnownFileType = sourcecode.swift; path = ActionDataManager.swift; sourceTree = "<group>"; };
		FABD88231DA3D06F002F40A9 /* Info.plist */ = {isa = PBXFileReference; fileEncoding = 4; lastKnownFileType = text.plist.xml; path = Info.plist; sourceTree = "<group>"; };
		FABD882E1DA3D12C002F40A9 /* Section.swift */ = {isa = PBXFileReference; fileEncoding = 4; lastKnownFileType = sourcecode.swift; path = Section.swift; sourceTree = "<group>"; };
		FAF84C621D59C4790073969E /* Cartfile.private */ = {isa = PBXFileReference; lastKnownFileType = text; path = Cartfile.private; sourceTree = "<group>"; };
		FAF84C631D59C6C80073969E /* Nimble.framework */ = {isa = PBXFileReference; lastKnownFileType = wrapper.framework; name = Nimble.framework; path = Carthage/Build/iOS/Nimble.framework; sourceTree = "<group>"; };
		FAF84C641D59C6C80073969E /* Quick.framework */ = {isa = PBXFileReference; lastKnownFileType = wrapper.framework; name = Quick.framework; path = Carthage/Build/iOS/Quick.framework; sourceTree = "<group>"; };
		FAF930C31DAF9286009A3E50 /* ActionType.swift */ = {isa = PBXFileReference; fileEncoding = 4; lastKnownFileType = sourcecode.swift; name = ActionType.swift; path = Constants/ActionType.swift; sourceTree = "<group>"; };
		FAF930C61DAF9DF5009A3E50 /* ErrorConstants.swift */ = {isa = PBXFileReference; fileEncoding = 4; lastKnownFileType = sourcecode.swift; name = ErrorConstants.swift; path = Constants/ErrorConstants.swift; sourceTree = "<group>"; };
/* End PBXFileReference section */

/* Begin PBXFrameworksBuildPhase section */
		FA159F731CAC3CE5001367D1 /* Frameworks */ = {
			isa = PBXFrameworksBuildPhase;
			buildActionMask = 2147483647;
			files = (
				FA37B90F1CBBA62600891551 /* GIGLibrary.framework in Frameworks */,
				FA159F881CAC3DC0001367D1 /* OCMSDK.framework in Frameworks */,
			);
			runOnlyForDeploymentPostprocessing = 0;
		};
		FA8F9E221CAC208D00CD359E /* Frameworks */ = {
			isa = PBXFrameworksBuildPhase;
			buildActionMask = 2147483647;
			files = (
				FA37B90C1CBBA5B500891551 /* GIGLibrary.framework in Frameworks */,
			);
			runOnlyForDeploymentPostprocessing = 0;
		};
		FA8F9E2D1CAC208D00CD359E /* Frameworks */ = {
			isa = PBXFrameworksBuildPhase;
			buildActionMask = 2147483647;
			files = (
				FAF84C661D59C6C80073969E /* Quick.framework in Frameworks */,
				FAF84C651D59C6C80073969E /* Nimble.framework in Frameworks */,
				FA3022061CBD62AA00A8F7DE /* GIGLibrary.framework in Frameworks */,
				FA8F9E311CAC208D00CD359E /* OCMSDK.framework in Frameworks */,
			);
			runOnlyForDeploymentPostprocessing = 0;
		};
/* End PBXFrameworksBuildPhase section */

/* Begin PBXGroup section */
		A54CB1391DA53D2500E5B65E /* Layouts */ = {
			isa = PBXGroup;
			children = (
				A54CB13A1DA53D2500E5B65E /* MosaicFlowLayout.swift */,
				A5E1FFBE1DAB8FBD0084E251 /* CarouselFlowLayout.swift */,
			);
			path = Layouts;
			sourceTree = "<group>";
		};
		FA159F771CAC3CE5001367D1 /* DemoApp */ = {
			isa = PBXGroup;
			children = (
				FA159F781CAC3CE5001367D1 /* AppDelegate.swift */,
				FA159F7A1CAC3CE5001367D1 /* ViewController.swift */,
				FA159F7C1CAC3CE5001367D1 /* Main.storyboard */,
				FA159F7F1CAC3CE5001367D1 /* Assets.xcassets */,
				FA159F811CAC3CE5001367D1 /* LaunchScreen.storyboard */,
				FA159F841CAC3CE5001367D1 /* Info.plist */,
			);
			path = DemoApp;
			sourceTree = "<group>";
		};
		FA37B9081CBBA42000891551 /* Frameworks */ = {
			isa = PBXGroup;
			children = (
				FA37B9091CBBA44800891551 /* Cartfile */,
				FAF84C621D59C4790073969E /* Cartfile.private */,
				FABD88321DA3DFFD002F40A9 /* Internal */,
				FABD88311DA3DFF7002F40A9 /* External */,
			);
			name = Frameworks;
			sourceTree = "<group>";
		};
		FA8A2EEC1DA3AE3D00495AB2 /* OCM */ = {
			isa = PBXGroup;
			children = (
				FA8A2F111DA3AE3D00495AB2 /* OCM.swift */,
				FA8A2EF81DA3AE3D00495AB2 /* Global */,
				FA8A2F1D1DA3AE3D00495AB2 /* Sections */,
				FA8A2EED1DA3AE3D00495AB2 /* Common */,
				FA8A2F121DA3AE3D00495AB2 /* Resources */,
				FABD88301DA3DF7C002F40A9 /* Supporting Files */,
			);
			path = OCM;
			sourceTree = "<group>";
		};
		FA8A2EED1DA3AE3D00495AB2 /* Common */ = {
			isa = PBXGroup;
			children = (
				FA8A2F051DA3AE3D00495AB2 /* Model */,
				FA8A2EFC1DA3AE3D00495AB2 /* Data */,
				FA8A2EEE1DA3AE3D00495AB2 /* Controllers */,
				FA8A2F011DA3AE3D00495AB2 /* Interactors */,
				FA8A2EF11DA3AE3D00495AB2 /* Support */,
			);
			path = Common;
			sourceTree = "<group>";
		};
		FA8A2EEE1DA3AE3D00495AB2 /* Controllers */ = {
			isa = PBXGroup;
			children = (
				FA8A2EEF1DA3AE3D00495AB2 /* Webview */,
			);
			name = Controllers;
			path = Components;
			sourceTree = "<group>";
		};
		FA8A2EEF1DA3AE3D00495AB2 /* Webview */ = {
			isa = PBXGroup;
			children = (
				FA8A2EF01DA3AE3D00495AB2 /* WebVC.swift */,
			);
			path = Webview;
			sourceTree = "<group>";
		};
		FA8A2EF11DA3AE3D00495AB2 /* Support */ = {
			isa = PBXGroup;
			children = (
				FA8A2EF21DA3AE3D00495AB2 /* Localize.swift */,
				FA8A2EF31DA3AE3D00495AB2 /* Log.swift */,
				FA8A2EF41DA3AE3D00495AB2 /* NSBundle+Extension.swift */,
				FA8A2EF51DA3AE3D00495AB2 /* NSError+Extension.swift */,
				FA8A2EF61DA3AE3D00495AB2 /* Response+Extension.swift */,
				FA8A2EF71DA3AE3D00495AB2 /* Storyboard+Extension.swift */,
			);
			name = Support;
			path = Utils;
			sourceTree = "<group>";
		};
		FA8A2EF81DA3AE3D00495AB2 /* Global */ = {
			isa = PBXGroup;
			children = (
				FA8A2EF91DA3AE3D00495AB2 /* Config.swift */,
				FA8A2EFA1DA3AE3D00495AB2 /* OCMPalette.swift */,
				FAF930C21DAF9265009A3E50 /* Constants */,
			);
			name = Global;
			path = Config;
			sourceTree = "<group>";
		};
		FA8A2EFC1DA3AE3D00495AB2 /* Data */ = {
			isa = PBXGroup;
			children = (
				FAB0605B1DAD2A12002C2270 /* ActionDataManager.swift */,
				FA8A2EFD1DA3AE3D00495AB2 /* Network */,
			);
			name = Data;
			path = ../Data;
			sourceTree = "<group>";
		};
		FA8A2EFD1DA3AE3D00495AB2 /* Network */ = {
			isa = PBXGroup;
			children = (
				FA8A2EFE1DA3AE3D00495AB2 /* ImageService.swift */,
				FA8A2EFF1DA3AE3D00495AB2 /* ContentListService.swift */,
				FA2C88071DAD3DEB0073DE2F /* MenuService.swift */,
			);
			path = Network;
			sourceTree = "<group>";
		};
		FA8A2F011DA3AE3D00495AB2 /* Interactors */ = {
			isa = PBXGroup;
			children = (
				FA8A2F021DA3AE3D00495AB2 /* PushInteractor.swift */,
				FA8A2F041DA3AE3D00495AB2 /* ContentListInteractor.swift */,
				FAB060591DAD0860002C2270 /* ActionInteractor.swift */,
			);
			name = Interactors;
			path = ../Interactors;
			sourceTree = "<group>";
		};
		FA8A2F051DA3AE3D00495AB2 /* Model */ = {
			isa = PBXGroup;
			children = (
				FA8A2F061DA3AE3D00495AB2 /* Actions */,
				FA8A2F0D1DA3AE3D00495AB2 /* Media.swift */,
				FA8A2F0E1DA3AE3D00495AB2 /* Storage.swift */,
				FA8A2F0F1DA3AE3D00495AB2 /* Content.swift */,
				FABD882E1DA3D12C002F40A9 /* Section.swift */,
				A5E1FFC01DAB9DBB0084E251 /* ContentList.swift */,
			);
			name = Model;
			path = ../Model;
			sourceTree = "<group>";
		};
		FA8A2F061DA3AE3D00495AB2 /* Actions */ = {
			isa = PBXGroup;
			children = (
				FA8A2F071DA3AE3D00495AB2 /* Action.swift */,
				FA8A2F081DA3AE3D00495AB2 /* ActionBanner.swift */,
				FA8A2F091DA3AE3D00495AB2 /* ActionCouponDetail.swift */,
				FA8A2F0A1DA3AE3D00495AB2 /* ActionCoupons.swift */,
				FA8A2F0B1DA3AE3D00495AB2 /* ActionCustomScheme.swift */,
				FA8A2F0C1DA3AE3D00495AB2 /* ActionWebview.swift */,
				FA45FD721DA55E4C00EE081A /* ActionContent.swift */,
			);
			path = Actions;
			sourceTree = "<group>";
		};
		FA8A2F121DA3AE3D00495AB2 /* Resources */ = {
			isa = PBXGroup;
			children = (
				FA8A2F141DA3AE3D00495AB2 /* Assets.xcassets */,
				FA8A2F151DA3AE3D00495AB2 /* Localizables */,
			);
			path = Resources;
			sourceTree = "<group>";
		};
		FA8A2F151DA3AE3D00495AB2 /* Localizables */ = {
			isa = PBXGroup;
			children = (
				FA8A2F1C1DA3AE3D00495AB2 /* Locfile */,
				FA8A2F161DA3AE3D00495AB2 /* Localizable.strings */,
				FA8A2F191DA3AE3D00495AB2 /* LocalizableConstants.swift */,
			);
			path = Localizables;
			sourceTree = "<group>";
		};
		FA8A2F1D1DA3AE3D00495AB2 /* Sections */ = {
			isa = PBXGroup;
			children = (
				FA8A2F221DA3AE3D00495AB2 /* Wireframe.swift */,
				FA8A2F231DA3AE3D00495AB2 /* OCM.storyboard */,
				FA8A2F1E1DA3AE3D00495AB2 /* ContentList */,
			);
			name = Sections;
			path = Views;
			sourceTree = "<group>";
		};
		FA8A2F1E1DA3AE3D00495AB2 /* ContentList */ = {
			isa = PBXGroup;
			children = (
				A54CB1391DA53D2500E5B65E /* Layouts */,
				FA8A2F1F1DA3AE3D00495AB2 /* ContentCell.swift */,
				FA8A2F201DA3AE3D00495AB2 /* ContentListPresenter.swift */,
				FA8A2F211DA3AE3D00495AB2 /* ContentListVC.swift */,
			);
			name = ContentList;
			path = WidgetList;
			sourceTree = "<group>";
		};
		FA8F9E1C1CAC208D00CD359E = {
			isa = PBXGroup;
			children = (
				FA8A2EEC1DA3AE3D00495AB2 /* OCM */,
				FABD88201DA3D06F002F40A9 /* OCMTests */,
				FA159F771CAC3CE5001367D1 /* DemoApp */,
				FA37B9081CBBA42000891551 /* Frameworks */,
				FA8F9E271CAC208D00CD359E /* Products */,
			);
			sourceTree = "<group>";
		};
		FA8F9E271CAC208D00CD359E /* Products */ = {
			isa = PBXGroup;
			children = (
				FA8F9E261CAC208D00CD359E /* OCMSDK.framework */,
				FA8F9E301CAC208D00CD359E /* OCMTests.xctest */,
				FA159F761CAC3CE5001367D1 /* OCMDemo.app */,
			);
			name = Products;
			sourceTree = "<group>";
		};
		FABD88201DA3D06F002F40A9 /* OCMTests */ = {
			isa = PBXGroup;
			children = (
				FABD88231DA3D06F002F40A9 /* Info.plist */,
			);
			path = OCMTests;
			sourceTree = "<group>";
		};
		FABD88301DA3DF7C002F40A9 /* Supporting Files */ = {
			isa = PBXGroup;
			children = (
				FA8A2F101DA3AE3D00495AB2 /* OCM.h */,
				FA8A2F001DA3AE3D00495AB2 /* Info.plist */,
			);
			name = "Supporting Files";
			sourceTree = "<group>";
		};
		FABD88311DA3DFF7002F40A9 /* External */ = {
			isa = PBXGroup;
			children = (
				FAF84C631D59C6C80073969E /* Nimble.framework */,
				FAF84C641D59C6C80073969E /* Quick.framework */,
			);
			name = External;
			sourceTree = "<group>";
		};
		FABD88321DA3DFFD002F40A9 /* Internal */ = {
			isa = PBXGroup;
			children = (
				FA37B90B1CBBA5B500891551 /* GIGLibrary.framework */,
			);
			name = Internal;
			sourceTree = "<group>";
		};
		FAF930C21DAF9265009A3E50 /* Constants */ = {
			isa = PBXGroup;
			children = (
				FAF930C31DAF9286009A3E50 /* ActionType.swift */,
				FAF930C61DAF9DF5009A3E50 /* ErrorConstants.swift */,
			);
			name = Constants;
			sourceTree = "<group>";
		};
/* End PBXGroup section */

/* Begin PBXHeadersBuildPhase section */
		FA8F9E231CAC208D00CD359E /* Headers */ = {
			isa = PBXHeadersBuildPhase;
			buildActionMask = 2147483647;
			files = (
				FA8A2F3C1DA3AE3D00495AB2 /* OCM.h in Headers */,
			);
			runOnlyForDeploymentPostprocessing = 0;
		};
/* End PBXHeadersBuildPhase section */

/* Begin PBXNativeTarget section */
		FA159F751CAC3CE5001367D1 /* OCMDemo */ = {
			isa = PBXNativeTarget;
			buildConfigurationList = FA159F851CAC3CE5001367D1 /* Build configuration list for PBXNativeTarget "OCMDemo" */;
			buildPhases = (
				FA159F721CAC3CE5001367D1 /* Sources */,
				FA159F731CAC3CE5001367D1 /* Frameworks */,
				FA159F741CAC3CE5001367D1 /* Resources */,
				FA159F8C1CAC3DC0001367D1 /* Embed Frameworks */,
			);
			buildRules = (
			);
			dependencies = (
				FA159F8B1CAC3DC0001367D1 /* PBXTargetDependency */,
			);
			name = OCMDemo;
			productName = DemoApp;
			productReference = FA159F761CAC3CE5001367D1 /* OCMDemo.app */;
			productType = "com.apple.product-type.application";
		};
		FA8F9E251CAC208D00CD359E /* OCM */ = {
			isa = PBXNativeTarget;
			buildConfigurationList = FA8F9E3A1CAC208D00CD359E /* Build configuration list for PBXNativeTarget "OCM" */;
			buildPhases = (
				FA8F9E211CAC208D00CD359E /* Sources */,
				FAF930C51DAF9ACB009A3E50 /* SwiftLint */,
				FA8F9E221CAC208D00CD359E /* Frameworks */,
				FA8F9E231CAC208D00CD359E /* Headers */,
				FA8F9E241CAC208D00CD359E /* Resources */,
			);
			buildRules = (
			);
			dependencies = (
			);
			name = OCM;
			productName = Zeus;
			productReference = FA8F9E261CAC208D00CD359E /* OCMSDK.framework */;
			productType = "com.apple.product-type.framework";
		};
		FA8F9E2F1CAC208D00CD359E /* OCMTests */ = {
			isa = PBXNativeTarget;
			buildConfigurationList = FA8F9E3D1CAC208D00CD359E /* Build configuration list for PBXNativeTarget "OCMTests" */;
			buildPhases = (
				FA8F9E2C1CAC208D00CD359E /* Sources */,
				FA8F9E2D1CAC208D00CD359E /* Frameworks */,
				FA8F9E2E1CAC208D00CD359E /* Resources */,
				FA6694AA1CB24DF600039412 /* CopyFiles */,
			);
			buildRules = (
			);
			dependencies = (
				FA8F9E331CAC208D00CD359E /* PBXTargetDependency */,
			);
			name = OCMTests;
			productName = ZeusTests;
			productReference = FA8F9E301CAC208D00CD359E /* OCMTests.xctest */;
			productType = "com.apple.product-type.bundle.unit-test";
		};
/* End PBXNativeTarget section */

/* Begin PBXProject section */
		FA8F9E1D1CAC208D00CD359E /* Project object */ = {
			isa = PBXProject;
			attributes = {
				LastSwiftUpdateCheck = 0730;
				LastUpgradeCheck = 0800;
				ORGANIZATIONNAME = "Gigigo SL";
				TargetAttributes = {
					FA159F751CAC3CE5001367D1 = {
						CreatedOnToolsVersion = 7.3;
						LastSwiftMigration = 0800;
					};
					FA8F9E251CAC208D00CD359E = {
						CreatedOnToolsVersion = 7.3;
						LastSwiftMigration = 0800;
					};
					FA8F9E2F1CAC208D00CD359E = {
						CreatedOnToolsVersion = 7.3;
						LastSwiftMigration = 0800;
					};
				};
			};
			buildConfigurationList = FA8F9E201CAC208D00CD359E /* Build configuration list for PBXProject "OCM" */;
			compatibilityVersion = "Xcode 3.2";
			developmentRegion = English;
			hasScannedForEncodings = 0;
			knownRegions = (
				en,
				Base,
				es,
				pt,
				"pt-br",
			);
			mainGroup = FA8F9E1C1CAC208D00CD359E;
			productRefGroup = FA8F9E271CAC208D00CD359E /* Products */;
			projectDirPath = "";
			projectRoot = "";
			targets = (
				FA8F9E251CAC208D00CD359E /* OCM */,
				FA8F9E2F1CAC208D00CD359E /* OCMTests */,
				FA159F751CAC3CE5001367D1 /* OCMDemo */,
			);
		};
/* End PBXProject section */

/* Begin PBXResourcesBuildPhase section */
		FA159F741CAC3CE5001367D1 /* Resources */ = {
			isa = PBXResourcesBuildPhase;
			buildActionMask = 2147483647;
			files = (
				FA159F831CAC3CE5001367D1 /* LaunchScreen.storyboard in Resources */,
				FA159F801CAC3CE5001367D1 /* Assets.xcassets in Resources */,
				FA159F7E1CAC3CE5001367D1 /* Main.storyboard in Resources */,
			);
			runOnlyForDeploymentPostprocessing = 0;
		};
		FA8F9E241CAC208D00CD359E /* Resources */ = {
			isa = PBXResourcesBuildPhase;
			buildActionMask = 2147483647;
			files = (
				FA8A2F401DA3AE3D00495AB2 /* Localizable.strings in Resources */,
				FA8A2F471DA3AE3D00495AB2 /* OCM.storyboard in Resources */,
				FA8A2F421DA3AE3D00495AB2 /* Locfile in Resources */,
				FA8A2F3F1DA3AE3D00495AB2 /* Assets.xcassets in Resources */,
				FA37B90A1CBBA44800891551 /* Cartfile in Resources */,
			);
			runOnlyForDeploymentPostprocessing = 0;
		};
		FA8F9E2E1CAC208D00CD359E /* Resources */ = {
			isa = PBXResourcesBuildPhase;
			buildActionMask = 2147483647;
			files = (
			);
			runOnlyForDeploymentPostprocessing = 0;
		};
/* End PBXResourcesBuildPhase section */

/* Begin PBXShellScriptBuildPhase section */
		FAF930C51DAF9ACB009A3E50 /* SwiftLint */ = {
			isa = PBXShellScriptBuildPhase;
			buildActionMask = 2147483647;
			files = (
			);
			inputPaths = (
			);
			name = SwiftLint;
			outputPaths = (
			);
			runOnlyForDeploymentPostprocessing = 0;
			shellPath = /bin/sh;
			shellScript = "if which swiftlint >/dev/null; then\n    swiftlint\nelse\n    echo \"warning: SwiftLint not installed, download from https://github.com/realm/SwiftLint\"\nfi";
		};
/* End PBXShellScriptBuildPhase section */

/* Begin PBXSourcesBuildPhase section */
		FA159F721CAC3CE5001367D1 /* Sources */ = {
			isa = PBXSourcesBuildPhase;
			buildActionMask = 2147483647;
			files = (
				FA159F7B1CAC3CE5001367D1 /* ViewController.swift in Sources */,
				FA159F791CAC3CE5001367D1 /* AppDelegate.swift in Sources */,
			);
			runOnlyForDeploymentPostprocessing = 0;
		};
		FA8F9E211CAC208D00CD359E /* Sources */ = {
			isa = PBXSourcesBuildPhase;
			buildActionMask = 2147483647;
			files = (
				FA8A2F2C1DA3AE3D00495AB2 /* OCMPalette.swift in Sources */,
				FA8A2F3A1DA3AE3D00495AB2 /* Storage.swift in Sources */,
				FAF930C71DAF9DF5009A3E50 /* ErrorConstants.swift in Sources */,
				A5E1FFBF1DAB8FBD0084E251 /* CarouselFlowLayout.swift in Sources */,
				FA8A2F341DA3AE3D00495AB2 /* ActionBanner.swift in Sources */,
				FA8A2F3D1DA3AE3D00495AB2 /* OCM.swift in Sources */,
				FA8A2F391DA3AE3D00495AB2 /* Media.swift in Sources */,
				FA8A2F371DA3AE3D00495AB2 /* ActionCustomScheme.swift in Sources */,
				FA8A2F251DA3AE3D00495AB2 /* Localize.swift in Sources */,
				FA45FD731DA55E4C00EE081A /* ActionContent.swift in Sources */,
				FAB0605C1DAD2A12002C2270 /* ActionDataManager.swift in Sources */,
				FA8A2F431DA3AE3D00495AB2 /* ContentCell.swift in Sources */,
				FA8A2F241DA3AE3D00495AB2 /* WebVC.swift in Sources */,
				FA8A2F381DA3AE3D00495AB2 /* ActionWebview.swift in Sources */,
				FA8A2F2D1DA3AE3D00495AB2 /* ImageService.swift in Sources */,
				FAF930C41DAF9286009A3E50 /* ActionType.swift in Sources */,
				FA2C88081DAD3DEB0073DE2F /* MenuService.swift in Sources */,
				FA8A2F291DA3AE3D00495AB2 /* Response+Extension.swift in Sources */,
				FA8A2F2A1DA3AE3D00495AB2 /* Storyboard+Extension.swift in Sources */,
				FAB0605A1DAD0860002C2270 /* ActionInteractor.swift in Sources */,
				FA8A2F3B1DA3AE3D00495AB2 /* Content.swift in Sources */,
				FA8A2F301DA3AE3D00495AB2 /* PushInteractor.swift in Sources */,
				FABD882F1DA3D12C002F40A9 /* Section.swift in Sources */,
				FA8A2F271DA3AE3D00495AB2 /* NSBundle+Extension.swift in Sources */,
				FA8A2F2B1DA3AE3D00495AB2 /* Config.swift in Sources */,
				FA8A2F351DA3AE3D00495AB2 /* ActionCouponDetail.swift in Sources */,
				FA8A2F461DA3AE3D00495AB2 /* Wireframe.swift in Sources */,
				FA8A2F281DA3AE3D00495AB2 /* NSError+Extension.swift in Sources */,
				FA8A2F361DA3AE3D00495AB2 /* ActionCoupons.swift in Sources */,
				A54CB13B1DA53D2500E5B65E /* MosaicFlowLayout.swift in Sources */,
				FA8A2F261DA3AE3D00495AB2 /* Log.swift in Sources */,
				FA8A2F451DA3AE3D00495AB2 /* ContentListVC.swift in Sources */,
				FA8A2F441DA3AE3D00495AB2 /* ContentListPresenter.swift in Sources */,
				FA8A2F321DA3AE3D00495AB2 /* ContentListInteractor.swift in Sources */,
				FA8A2F411DA3AE3D00495AB2 /* LocalizableConstants.swift in Sources */,
				FA8A2F331DA3AE3D00495AB2 /* Action.swift in Sources */,
				FA8A2F2E1DA3AE3D00495AB2 /* ContentListService.swift in Sources */,
				A5E1FFC11DAB9DBB0084E251 /* ContentList.swift in Sources */,
			);
			runOnlyForDeploymentPostprocessing = 0;
		};
		FA8F9E2C1CAC208D00CD359E /* Sources */ = {
			isa = PBXSourcesBuildPhase;
			buildActionMask = 2147483647;
			files = (
			);
			runOnlyForDeploymentPostprocessing = 0;
		};
/* End PBXSourcesBuildPhase section */

/* Begin PBXTargetDependency section */
		FA159F8B1CAC3DC0001367D1 /* PBXTargetDependency */ = {
			isa = PBXTargetDependency;
			target = FA8F9E251CAC208D00CD359E /* OCM */;
			targetProxy = FA159F8A1CAC3DC0001367D1 /* PBXContainerItemProxy */;
		};
		FA8F9E331CAC208D00CD359E /* PBXTargetDependency */ = {
			isa = PBXTargetDependency;
			target = FA8F9E251CAC208D00CD359E /* OCM */;
			targetProxy = FA8F9E321CAC208D00CD359E /* PBXContainerItemProxy */;
		};
/* End PBXTargetDependency section */

/* Begin PBXVariantGroup section */
		FA159F7C1CAC3CE5001367D1 /* Main.storyboard */ = {
			isa = PBXVariantGroup;
			children = (
				FA159F7D1CAC3CE5001367D1 /* Base */,
			);
			name = Main.storyboard;
			sourceTree = "<group>";
		};
		FA159F811CAC3CE5001367D1 /* LaunchScreen.storyboard */ = {
			isa = PBXVariantGroup;
			children = (
				FA159F821CAC3CE5001367D1 /* Base */,
			);
			name = LaunchScreen.storyboard;
			sourceTree = "<group>";
		};
		FA8A2F161DA3AE3D00495AB2 /* Localizable.strings */ = {
			isa = PBXVariantGroup;
			children = (
				FA8A2F171DA3AE3D00495AB2 /* en */,
				FA8A2F181DA3AE3D00495AB2 /* es */,
				FA8A2F1A1DA3AE3D00495AB2 /* pt-br */,
				FA8A2F1B1DA3AE3D00495AB2 /* pt */,
			);
			name = Localizable.strings;
			sourceTree = "<group>";
		};
/* End PBXVariantGroup section */

/* Begin XCBuildConfiguration section */
		FA159F861CAC3CE5001367D1 /* Debug */ = {
			isa = XCBuildConfiguration;
			buildSettings = {
				ALWAYS_EMBED_SWIFT_STANDARD_LIBRARIES = YES;
				ASSETCATALOG_COMPILER_APPICON_NAME = AppIcon;
				FRAMEWORK_SEARCH_PATHS = (
					"$(inherited)",
					"$(PROJECT_DIR)/Carthage/Build/iOS",
				);
				INFOPLIST_FILE = DemoApp/Info.plist;
				IPHONEOS_DEPLOYMENT_TARGET = 9.0;
				LD_RUNPATH_SEARCH_PATHS = "$(inherited) @executable_path/Frameworks";
				PRODUCT_BUNDLE_IDENTIFIER = com.orchextra.ocmdemo;
				PRODUCT_NAME = "$(TARGET_NAME)";
				SWIFT_VERSION = 3.0;
			};
			name = Debug;
		};
		FA159F871CAC3CE5001367D1 /* Release */ = {
			isa = XCBuildConfiguration;
			buildSettings = {
				ALWAYS_EMBED_SWIFT_STANDARD_LIBRARIES = YES;
				ASSETCATALOG_COMPILER_APPICON_NAME = AppIcon;
				FRAMEWORK_SEARCH_PATHS = (
					"$(inherited)",
					"$(PROJECT_DIR)/Carthage/Build/iOS",
				);
				INFOPLIST_FILE = DemoApp/Info.plist;
				IPHONEOS_DEPLOYMENT_TARGET = 9.0;
				LD_RUNPATH_SEARCH_PATHS = "$(inherited) @executable_path/Frameworks";
				PRODUCT_BUNDLE_IDENTIFIER = com.orchextra.ocmdemo;
				PRODUCT_NAME = "$(TARGET_NAME)";
				SWIFT_VERSION = 3.0;
			};
			name = Release;
		};
		FA8F9E381CAC208D00CD359E /* Debug */ = {
			isa = XCBuildConfiguration;
			buildSettings = {
				ALWAYS_SEARCH_USER_PATHS = NO;
				CLANG_ANALYZER_LOCALIZABILITY_NONLOCALIZED = YES;
				CLANG_ANALYZER_NONNULL = YES;
				CLANG_CXX_LANGUAGE_STANDARD = "gnu++0x";
				CLANG_CXX_LIBRARY = "libc++";
				CLANG_ENABLE_MODULES = YES;
				CLANG_ENABLE_OBJC_ARC = YES;
				CLANG_WARN_BOOL_CONVERSION = YES;
				CLANG_WARN_CONSTANT_CONVERSION = YES;
				CLANG_WARN_DIRECT_OBJC_ISA_USAGE = YES_ERROR;
				CLANG_WARN_EMPTY_BODY = YES;
				CLANG_WARN_ENUM_CONVERSION = YES;
				CLANG_WARN_INFINITE_RECURSION = YES;
				CLANG_WARN_INT_CONVERSION = YES;
				CLANG_WARN_OBJC_ROOT_CLASS = YES_ERROR;
				CLANG_WARN_SUSPICIOUS_MOVE = YES;
				CLANG_WARN_UNREACHABLE_CODE = YES;
				CLANG_WARN__DUPLICATE_METHOD_MATCH = YES;
				"CODE_SIGN_IDENTITY[sdk=iphoneos*]" = "iPhone Developer";
				COPY_PHASE_STRIP = NO;
				CURRENT_PROJECT_VERSION = 1;
				DEBUG_INFORMATION_FORMAT = dwarf;
				ENABLE_STRICT_OBJC_MSGSEND = YES;
				ENABLE_TESTABILITY = YES;
				GCC_C_LANGUAGE_STANDARD = gnu99;
				GCC_DYNAMIC_NO_PIC = NO;
				GCC_NO_COMMON_BLOCKS = YES;
				GCC_OPTIMIZATION_LEVEL = 0;
				GCC_PREPROCESSOR_DEFINITIONS = (
					"DEBUG=1",
					"$(inherited)",
				);
				GCC_WARN_64_TO_32_BIT_CONVERSION = YES;
				GCC_WARN_ABOUT_RETURN_TYPE = YES_ERROR;
				GCC_WARN_UNDECLARED_SELECTOR = YES;
				GCC_WARN_UNINITIALIZED_AUTOS = YES_AGGRESSIVE;
				GCC_WARN_UNUSED_FUNCTION = YES;
				GCC_WARN_UNUSED_VARIABLE = YES;
				IPHONEOS_DEPLOYMENT_TARGET = 9.0;
				MTL_ENABLE_DEBUG_INFO = YES;
				ONLY_ACTIVE_ARCH = YES;
				SDKROOT = iphoneos;
				SWIFT_OPTIMIZATION_LEVEL = "-Onone";
				TARGETED_DEVICE_FAMILY = "1,2";
				VERSIONING_SYSTEM = "apple-generic";
				VERSION_INFO_PREFIX = "";
			};
			name = Debug;
		};
		FA8F9E391CAC208D00CD359E /* Release */ = {
			isa = XCBuildConfiguration;
			buildSettings = {
				ALWAYS_SEARCH_USER_PATHS = NO;
				CLANG_ANALYZER_LOCALIZABILITY_NONLOCALIZED = YES;
				CLANG_ANALYZER_NONNULL = YES;
				CLANG_CXX_LANGUAGE_STANDARD = "gnu++0x";
				CLANG_CXX_LIBRARY = "libc++";
				CLANG_ENABLE_MODULES = YES;
				CLANG_ENABLE_OBJC_ARC = YES;
				CLANG_WARN_BOOL_CONVERSION = YES;
				CLANG_WARN_CONSTANT_CONVERSION = YES;
				CLANG_WARN_DIRECT_OBJC_ISA_USAGE = YES_ERROR;
				CLANG_WARN_EMPTY_BODY = YES;
				CLANG_WARN_ENUM_CONVERSION = YES;
				CLANG_WARN_INFINITE_RECURSION = YES;
				CLANG_WARN_INT_CONVERSION = YES;
				CLANG_WARN_OBJC_ROOT_CLASS = YES_ERROR;
				CLANG_WARN_SUSPICIOUS_MOVE = YES;
				CLANG_WARN_UNREACHABLE_CODE = YES;
				CLANG_WARN__DUPLICATE_METHOD_MATCH = YES;
				"CODE_SIGN_IDENTITY[sdk=iphoneos*]" = "iPhone Developer";
				COPY_PHASE_STRIP = NO;
				CURRENT_PROJECT_VERSION = 1;
				DEBUG_INFORMATION_FORMAT = "dwarf-with-dsym";
				ENABLE_NS_ASSERTIONS = NO;
				ENABLE_STRICT_OBJC_MSGSEND = YES;
				GCC_C_LANGUAGE_STANDARD = gnu99;
				GCC_NO_COMMON_BLOCKS = YES;
				GCC_WARN_64_TO_32_BIT_CONVERSION = YES;
				GCC_WARN_ABOUT_RETURN_TYPE = YES_ERROR;
				GCC_WARN_UNDECLARED_SELECTOR = YES;
				GCC_WARN_UNINITIALIZED_AUTOS = YES_AGGRESSIVE;
				GCC_WARN_UNUSED_FUNCTION = YES;
				GCC_WARN_UNUSED_VARIABLE = YES;
				IPHONEOS_DEPLOYMENT_TARGET = 9.0;
				MTL_ENABLE_DEBUG_INFO = NO;
				SDKROOT = iphoneos;
				SWIFT_OPTIMIZATION_LEVEL = "-Owholemodule";
				TARGETED_DEVICE_FAMILY = "1,2";
				VALIDATE_PRODUCT = YES;
				VERSIONING_SYSTEM = "apple-generic";
				VERSION_INFO_PREFIX = "";
			};
			name = Release;
		};
		FA8F9E3B1CAC208D00CD359E /* Debug */ = {
			isa = XCBuildConfiguration;
			buildSettings = {
				CLANG_ENABLE_MODULES = YES;
				"CODE_SIGN_IDENTITY[sdk=iphoneos*]" = "";
				CURRENT_PROJECT_VERSION = 1.3;
				DEFINES_MODULE = YES;
				DYLIB_COMPATIBILITY_VERSION = 1;
				DYLIB_CURRENT_VERSION = 1;
				DYLIB_INSTALL_NAME_BASE = "@rpath";
				FRAMEWORK_SEARCH_PATHS = (
					"$(inherited)",
					"$(PROJECT_DIR)/Carthage/Build/iOS",
				);
				INFOPLIST_FILE = OCM/Info.plist;
				INSTALL_PATH = "$(LOCAL_LIBRARY_DIR)/Frameworks";
				IPHONEOS_DEPLOYMENT_TARGET = 9.0;
				LD_RUNPATH_SEARCH_PATHS = "$(inherited) @executable_path/Frameworks @loader_path/Frameworks";
				PRODUCT_BUNDLE_IDENTIFIER = com.orchextra.ocm;
				PRODUCT_MODULE_NAME = OCMSDK;
				PRODUCT_NAME = OCMSDK;
				SKIP_INSTALL = YES;
				SWIFT_OPTIMIZATION_LEVEL = "-Onone";
				SWIFT_VERSION = 3.0;
			};
			name = Debug;
		};
		FA8F9E3C1CAC208D00CD359E /* Release */ = {
			isa = XCBuildConfiguration;
			buildSettings = {
				CLANG_ENABLE_MODULES = YES;
				"CODE_SIGN_IDENTITY[sdk=iphoneos*]" = "";
				CURRENT_PROJECT_VERSION = 1.3;
				DEFINES_MODULE = YES;
				DYLIB_COMPATIBILITY_VERSION = 1;
				DYLIB_CURRENT_VERSION = 1;
				DYLIB_INSTALL_NAME_BASE = "@rpath";
				FRAMEWORK_SEARCH_PATHS = (
					"$(inherited)",
					"$(PROJECT_DIR)/Carthage/Build/iOS",
				);
				INFOPLIST_FILE = OCM/Info.plist;
				INSTALL_PATH = "$(LOCAL_LIBRARY_DIR)/Frameworks";
				IPHONEOS_DEPLOYMENT_TARGET = 9.0;
				LD_RUNPATH_SEARCH_PATHS = "$(inherited) @executable_path/Frameworks @loader_path/Frameworks";
				PRODUCT_BUNDLE_IDENTIFIER = com.orchextra.ocm;
				PRODUCT_MODULE_NAME = OCMSDK;
				PRODUCT_NAME = OCMSDK;
				SKIP_INSTALL = YES;
				SWIFT_OPTIMIZATION_LEVEL = "-Owholemodule";
				SWIFT_VERSION = 3.0;
			};
			name = Release;
		};
		FA8F9E3E1CAC208D00CD359E /* Debug */ = {
			isa = XCBuildConfiguration;
			buildSettings = {
				ALWAYS_EMBED_SWIFT_STANDARD_LIBRARIES = YES;
				FRAMEWORK_SEARCH_PATHS = (
					"$(inherited)",
					"$(PROJECT_DIR)/Carthage/Build/iOS",
				);
				INFOPLIST_FILE = OCMTests/Info.plist;
				LD_RUNPATH_SEARCH_PATHS = "$(inherited) @executable_path/Frameworks @loader_path/Frameworks";
				PRODUCT_BUNDLE_IDENTIFIER = com.orchextra.ocmtests;
				PRODUCT_NAME = "$(TARGET_NAME)";
				SWIFT_VERSION = 3.0;
			};
			name = Debug;
		};
		FA8F9E3F1CAC208D00CD359E /* Release */ = {
			isa = XCBuildConfiguration;
			buildSettings = {
				ALWAYS_EMBED_SWIFT_STANDARD_LIBRARIES = YES;
				FRAMEWORK_SEARCH_PATHS = (
					"$(inherited)",
					"$(PROJECT_DIR)/Carthage/Build/iOS",
				);
				INFOPLIST_FILE = OCMTests/Info.plist;
				LD_RUNPATH_SEARCH_PATHS = "$(inherited) @executable_path/Frameworks @loader_path/Frameworks";
				PRODUCT_BUNDLE_IDENTIFIER = com.orchextra.ocmtests;
				PRODUCT_NAME = "$(TARGET_NAME)";
				SWIFT_OPTIMIZATION_LEVEL = "-Owholemodule";
				SWIFT_VERSION = 3.0;
			};
			name = Release;
		};
/* End XCBuildConfiguration section */

/* Begin XCConfigurationList section */
		FA159F851CAC3CE5001367D1 /* Build configuration list for PBXNativeTarget "OCMDemo" */ = {
			isa = XCConfigurationList;
			buildConfigurations = (
				FA159F861CAC3CE5001367D1 /* Debug */,
				FA159F871CAC3CE5001367D1 /* Release */,
			);
			defaultConfigurationIsVisible = 0;
			defaultConfigurationName = Release;
		};
		FA8F9E201CAC208D00CD359E /* Build configuration list for PBXProject "OCM" */ = {
			isa = XCConfigurationList;
			buildConfigurations = (
				FA8F9E381CAC208D00CD359E /* Debug */,
				FA8F9E391CAC208D00CD359E /* Release */,
			);
			defaultConfigurationIsVisible = 0;
			defaultConfigurationName = Release;
		};
		FA8F9E3A1CAC208D00CD359E /* Build configuration list for PBXNativeTarget "OCM" */ = {
			isa = XCConfigurationList;
			buildConfigurations = (
				FA8F9E3B1CAC208D00CD359E /* Debug */,
				FA8F9E3C1CAC208D00CD359E /* Release */,
			);
			defaultConfigurationIsVisible = 0;
			defaultConfigurationName = Release;
		};
		FA8F9E3D1CAC208D00CD359E /* Build configuration list for PBXNativeTarget "OCMTests" */ = {
			isa = XCConfigurationList;
			buildConfigurations = (
				FA8F9E3E1CAC208D00CD359E /* Debug */,
				FA8F9E3F1CAC208D00CD359E /* Release */,
			);
			defaultConfigurationIsVisible = 0;
			defaultConfigurationName = Release;
		};
/* End XCConfigurationList section */
	};
	rootObject = FA8F9E1D1CAC208D00CD359E /* Project object */;
}
